<?xml version="1.0" encoding="utf-8"?>
<Project ToolsVersion="4.0" xmlns="http://schemas.microsoft.com/developer/msbuild/2003">
  <ItemGroup>
    <Filter Include="Source Files">
      <UniqueIdentifier>{4FC737F1-C7A5-4376-A066-2A32D752A2FF}</UniqueIdentifier>
      <Extensions>cpp;c;cc;cxx;def;odl;idl;hpj;bat;asm;asmx</Extensions>
    </Filter>
    <Filter Include="Header Files">
      <UniqueIdentifier>{93995380-89BD-4b04-88EB-625FBE52EBFB}</UniqueIdentifier>
      <Extensions>h;hpp;hxx;hm;inl;inc;xsd</Extensions>
    </Filter>
    <Filter Include="Resource Files">
      <UniqueIdentifier>{67DA6AB6-F800-4c08-8B7A-83BB121AAD01}</UniqueIdentifier>
      <Extensions>rc;ico;cur;bmp;dlg;rc2;rct;bin;rgs;gif;jpg;jpeg;jpe;resx;tiff;tif;png;wav;mfcribbon-ms</Extensions>
    </Filter>
    <Filter Include="External Libraries">
      <UniqueIdentifier>{facc9006-5116-45a8-9ee3-d2daa444ceda}</UniqueIdentifier>
    </Filter>
    <Filter Include="External Libraries\bzip2">
      <UniqueIdentifier>{6469a781-1e84-4cb1-bce1-7f7973859d42}</UniqueIdentifier>
    </Filter>
    <Filter Include="External Libraries\bzip2\Source Files">
      <UniqueIdentifier>{3070493b-33a2-4a27-93bf-84574f261d58}</UniqueIdentifier>
      <Extensions>cpp;c;cc;cxx;def;odl;idl;hpj;bat;asm;asmx</Extensions>
    </Filter>
    <Filter Include="External Libraries\bzip2\Header Files">
      <UniqueIdentifier>{a7b73b38-57ee-482c-a83e-aaccc22bf494}</UniqueIdentifier>
      <Extensions>h;hpp;hxx;hm;inl;inc;xsd</Extensions>
    </Filter>
    <Filter Include="External Libraries\zlib">
      <UniqueIdentifier>{f2f126dc-f584-404e-9c34-2632a16eb371}</UniqueIdentifier>
    </Filter>
    <Filter Include="External Libraries\zlib\Header Files">
      <UniqueIdentifier>{37889815-e5a7-4678-9399-42101e021956}</UniqueIdentifier>
      <Extensions>h;hpp;hxx;hm;inl;inc;xsd</Extensions>
    </Filter>
    <Filter Include="External Libraries\zlib\Source Files">
      <UniqueIdentifier>{4f85f651-c5f0-4794-acfb-29704ff62079}</UniqueIdentifier>
      <Extensions>cpp;c;cc;cxx;def;odl;idl;hpj;bat;asm;asmx</Extensions>
    </Filter>
  </ItemGroup>
  <ItemGroup>
    <ClInclude Include="stdafx.h">
      <Filter>Header Files</Filter>
    </ClInclude>
    <ClInclude Include="KernelImage.h">
      <Filter>Header Files</Filter>
    </ClInclude>
    <ClInclude Include="..\..\external\bzip2\bzlib.h">
      <Filter>External Libraries\bzip2\Header Files</Filter>
    </ClInclude>
    <ClInclude Include="BoyerMoore.h">
      <Filter>Header Files</Filter>
    </ClInclude>
    <ClInclude Include="..\..\external\zlib\zconf.h">
      <Filter>External Libraries\zlib\Header Files</Filter>
    </ClInclude>
    <ClInclude Include="..\..\external\zlib\zlib.h">
      <Filter>External Libraries\zlib\Header Files</Filter>
    </ClInclude>
    <ClInclude Include="Exception.h">
      <Filter>Header Files</Filter>
    </ClInclude>
    <ClInclude Include="elf.h">
      <Filter>Header Files</Filter>
    </ClInclude>
    <ClInclude Include="StreamReader.h">
      <Filter>Header Files</Filter>
    </ClInclude>
    <ClInclude Include="GZipStreamReader.h">
      <Filter>Header Files</Filter>
    </ClInclude>
    <ClInclude Include="Trace.h">
      <Filter>Header Files</Filter>
    </ClInclude>
    <ClInclude Include="BZip2StreamReader.h">
      <Filter>Header Files</Filter>
    </ClInclude>
    <ClInclude Include="ElfBinary.h">
      <Filter>Header Files</Filter>
    </ClInclude>
    <ClInclude Include="ElfBinary32.h">
      <Filter>Header Files</Filter>
    </ClInclude>
    <ClInclude Include="ElfBinary64.h">
      <Filter>Header Files</Filter>
    </ClInclude>
    <ClInclude Include="BufferStreamReader.h">
      <Filter>Header Files</Filter>
    </ClInclude>
    <ClInclude Include="ElfSegment.h">
      <Filter>Header Files</Filter>
    </ClInclude>
    <ClInclude Include="ElfSegment64.h">
      <Filter>Header Files</Filter>
    </ClInclude>
    <ClInclude Include="MappedFileView.h">
      <Filter>Header Files</Filter>
    </ClInclude>
    <ClInclude Include="MappedFile.h">
      <Filter>Header Files</Filter>
    </ClInclude>
  </ItemGroup>
  <ItemGroup>
    <ClCompile Include="stdafx.cpp">
      <Filter>Source Files</Filter>
    </ClCompile>
    <ClCompile Include="main.cpp">
      <Filter>Source Files</Filter>
    </ClCompile>
    <ClCompile Include="KernelImage.cpp">
      <Filter>Source Files</Filter>
    </ClCompile>
    <ClCompile Include="..\..\external\bzip2\blocksort.c">
      <Filter>External Libraries\bzip2\Source Files</Filter>
    </ClCompile>
    <ClCompile Include="..\..\external\bzip2\bzlib.c">
      <Filter>External Libraries\bzip2\Source Files</Filter>
    </ClCompile>
    <ClCompile Include="..\..\external\bzip2\crctable.c">
      <Filter>External Libraries\bzip2\Source Files</Filter>
    </ClCompile>
    <ClCompile Include="..\..\external\bzip2\decompress.c">
      <Filter>External Libraries\bzip2\Source Files</Filter>
    </ClCompile>
    <ClCompile Include="..\..\external\bzip2\huffman.c">
      <Filter>External Libraries\bzip2\Source Files</Filter>
    </ClCompile>
    <ClCompile Include="..\..\external\bzip2\randtable.c">
      <Filter>External Libraries\bzip2\Source Files</Filter>
    </ClCompile>
    <ClCompile Include="bz_internal_error.cpp">
      <Filter>Source Files</Filter>
    </ClCompile>
    <ClCompile Include="BoyerMoore.cpp">
      <Filter>Source Files</Filter>
    </ClCompile>
    <ClCompile Include="..\..\external\zlib\adler32.c">
      <Filter>External Libraries\zlib\Source Files</Filter>
    </ClCompile>
    <ClCompile Include="..\..\external\zlib\deflate.c">
      <Filter>External Libraries\zlib\Source Files</Filter>
    </ClCompile>
    <ClCompile Include="..\..\external\zlib\inffast.c">
      <Filter>External Libraries\zlib\Source Files</Filter>
    </ClCompile>
    <ClCompile Include="..\..\external\zlib\inflate.c">
      <Filter>External Libraries\zlib\Source Files</Filter>
    </ClCompile>
    <ClCompile Include="..\..\external\zlib\inftrees.c">
      <Filter>External Libraries\zlib\Source Files</Filter>
    </ClCompile>
    <ClCompile Include="..\..\external\zlib\trees.c">
      <Filter>External Libraries\zlib\Source Files</Filter>
    </ClCompile>
    <ClCompile Include="..\..\external\zlib\uncompr.c">
      <Filter>External Libraries\zlib\Source Files</Filter>
    </ClCompile>
    <ClCompile Include="..\..\external\zlib\zutil.c">
      <Filter>External Libraries\zlib\Source Files</Filter>
    </ClCompile>
    <ClCompile Include="..\..\external\zlib\crc32.c">
      <Filter>External Libraries\zlib\Source Files</Filter>
    </ClCompile>
    <ClCompile Include="..\..\external\bzip2\bzcompress.c">
      <Filter>External Libraries\bzip2\Source Files</Filter>
    </ClCompile>
    <ClCompile Include="..\..\external\zlib\compress.c">
      <Filter>External Libraries\zlib\Source Files</Filter>
    </ClCompile>
    <ClCompile Include="GZipStreamReader.cpp">
      <Filter>Source Files</Filter>
    </ClCompile>
    <ClCompile Include="BZip2StreamReader.cpp">
      <Filter>Source Files</Filter>
    </ClCompile>
    <ClCompile Include="ElfBinary.cpp">
      <Filter>Source Files</Filter>
    </ClCompile>
    <ClCompile Include="ElfBinary32.cpp">
      <Filter>Source Files</Filter>
    </ClCompile>
    <ClCompile Include="ElfBinary64.cpp">
      <Filter>Source Files</Filter>
    </ClCompile>
    <ClCompile Include="BufferStreamReader.cpp">
      <Filter>Source Files</Filter>
    </ClCompile>
    <ClCompile Include="ElfSegment.cpp">
      <Filter>Source Files</Filter>
    </ClCompile>
    <ClCompile Include="ElfSegment64.cpp">
      <Filter>Source Files</Filter>
    </ClCompile>
    <ClCompile Include="MappedFileView.cpp">
      <Filter>Source Files</Filter>
    </ClCompile>
    <ClCompile Include="MappedFile.cpp">
      <Filter>Source Files</Filter>
    </ClCompile>
  </ItemGroup>
  <ItemGroup>
    <ResourceCompile Include="..\tmp\version\version.rc">
      <Filter>Resource Files</Filter>
    </ResourceCompile>
  </ItemGroup>
</Project>