
Microsoft Visual Studio Solution File, Format Version 12.00
# Visual Studio 14
VisualStudioVersion = 14.0.25420.1
MinimumVisualStudioVersion = 10.0.40219.1
Project("{8BC9CEB8-8B4A-11D0-8D11-00A0C91BC942}") = "service", "service\service.vcxproj", "{440748A0-B8B3-4668-B4EF-1434ABC6C508}"
	ProjectSection(ProjectDependencies) = postProject
		{D310D96E-7247-4F42-AD2C-10F031405AEC} = {D310D96E-7247-4F42-AD2C-10F031405AEC}
		{7E65CF83-2D2E-4CA3-B0F9-52BC5202125E} = {7E65CF83-2D2E-4CA3-B0F9-52BC5202125E}
		{1CE1CA90-2F0D-449F-B33A-5E0452DFE658} = {1CE1CA90-2F0D-449F-B33A-5E0452DFE658}
	EndProjectSection
EndProject
Project("{8BC9CEB8-8B4A-11D0-8D11-00A0C91BC942}") = "common.messages", "common.messages\common.messages.vcxproj", "{1CE1CA90-2F0D-449F-B33A-5E0452DFE658}"
	ProjectSection(ProjectDependencies) = postProject
		{7E65CF83-2D2E-4CA3-B0F9-52BC5202125E} = {7E65CF83-2D2E-4CA3-B0F9-52BC5202125E}
	EndProjectSection
EndProject
Project("{8BC9CEB8-8B4A-11D0-8D11-00A0C91BC942}") = "host.x86", "host.x86\host.x86.vcxproj", "{06049322-2B39-476B-BA85-92F79AEFBB48}"
	ProjectSection(ProjectDependencies) = postProject
		{D310D96E-7247-4F42-AD2C-10F031405AEC} = {D310D96E-7247-4F42-AD2C-10F031405AEC}
		{7E65CF83-2D2E-4CA3-B0F9-52BC5202125E} = {7E65CF83-2D2E-4CA3-B0F9-52BC5202125E}
		{1CE1CA90-2F0D-449F-B33A-5E0452DFE658} = {1CE1CA90-2F0D-449F-B33A-5E0452DFE658}
		{440748A0-B8B3-4668-B4EF-1434ABC6C508} = {440748A0-B8B3-4668-B4EF-1434ABC6C508}
	EndProjectSection
EndProject
Project("{8BC9CEB8-8B4A-11D0-8D11-00A0C91BC942}") = "host.x64", "host.x64\host.x64.vcxproj", "{FF1798A7-055C-49EB-945E-CCEAE8DAEB74}"
	ProjectSection(ProjectDependencies) = postProject
		{D310D96E-7247-4F42-AD2C-10F031405AEC} = {D310D96E-7247-4F42-AD2C-10F031405AEC}
		{7E65CF83-2D2E-4CA3-B0F9-52BC5202125E} = {7E65CF83-2D2E-4CA3-B0F9-52BC5202125E}
		{1CE1CA90-2F0D-449F-B33A-5E0452DFE658} = {1CE1CA90-2F0D-449F-B33A-5E0452DFE658}
		{440748A0-B8B3-4668-B4EF-1434ABC6C508} = {440748A0-B8B3-4668-B4EF-1434ABC6C508}
	EndProjectSection
EndProject
Project("{FAE04EC0-301F-11D3-BF4B-00C04F79EFBC}") = "tools.builduapi", "tools.builduapi\tools.builduapi.csproj", "{12AF1141-0E56-4905-A006-19108CEC5ED7}"
	ProjectSection(ProjectDependencies) = postProject
		{7E65CF83-2D2E-4CA3-B0F9-52BC5202125E} = {7E65CF83-2D2E-4CA3-B0F9-52BC5202125E}
	EndProjectSection
EndProject
Project("{2150E333-8FDC-42A3-9474-1A3956D46DE8}") = "Solution Items", "Solution Items", "{687F22F5-361D-48D6-91A3-2EECE97ACAF0}"
	ProjectSection(SolutionItems) = preProject
		version.ini = version.ini
	EndProjectSection
EndProject
Project("{8BC9CEB8-8B4A-11D0-8D11-00A0C91BC942}") = "build.version", "build.version\build.version.vcxproj", "{7E65CF83-2D2E-4CA3-B0F9-52BC5202125E}"
EndProject
Project("{8BC9CEB8-8B4A-11D0-8D11-00A0C91BC942}") = "build.uapi", "build.uapi\build.uapi.vcxproj", "{D310D96E-7247-4F42-AD2C-10F031405AEC}"
	ProjectSection(ProjectDependencies) = postProject
		{12AF1141-0E56-4905-A006-19108CEC5ED7} = {12AF1141-0E56-4905-A006-19108CEC5ED7}
	EndProjectSection
EndProject
Project("{8BC9CEB8-8B4A-11D0-8D11-00A0C91BC942}") = "build.syscall.x86", "build.syscall.x86\build.syscall.x86.vcxproj", "{6C512BC5-2B52-4E5C-B3DC-8126BFF32606}"
	ProjectSection(ProjectDependencies) = postProject
		{D310D96E-7247-4F42-AD2C-10F031405AEC} = {D310D96E-7247-4F42-AD2C-10F031405AEC}
	EndProjectSection
EndProject
Project("{8BC9CEB8-8B4A-11D0-8D11-00A0C91BC942}") = "host.x32", "host.x32\host.x32.vcxproj", "{3BB26A3C-61CF-4F3D-B6C1-4C9C6C20EA99}"
	ProjectSection(ProjectDependencies) = postProject
		{D310D96E-7247-4F42-AD2C-10F031405AEC} = {D310D96E-7247-4F42-AD2C-10F031405AEC}
		{7E65CF83-2D2E-4CA3-B0F9-52BC5202125E} = {7E65CF83-2D2E-4CA3-B0F9-52BC5202125E}
		{1CE1CA90-2F0D-449F-B33A-5E0452DFE658} = {1CE1CA90-2F0D-449F-B33A-5E0452DFE658}
		{440748A0-B8B3-4668-B4EF-1434ABC6C508} = {440748A0-B8B3-4668-B4EF-1434ABC6C508}
	EndProjectSection
EndProject
Project("{8BC9CEB8-8B4A-11D0-8D11-00A0C91BC942}") = "build.syscall.x64", "build.syscall.x64\build.syscall.x64.vcxproj", "{1910C9DA-582D-44FF-9E80-38C3394BCFB3}"
EndProject
Project("{8BC9CEB8-8B4A-11D0-8D11-00A0C91BC942}") = "build.syscall.x32", "build.syscall.x32\build.syscall.x32.vcxproj", "{50792A4F-2100-4796-8C0C-830440C6F6F0}"
EndProject
Global
	GlobalSection(SolutionConfigurationPlatforms) = preSolution
		Debug|x64 = Debug|x64
		Debug|x86 = Debug|x86
		Release|x64 = Release|x64
		Release|x86 = Release|x86
	EndGlobalSection
	GlobalSection(ProjectConfigurationPlatforms) = postSolution
		{440748A0-B8B3-4668-B4EF-1434ABC6C508}.Debug|x64.ActiveCfg = Debug|x64
		{440748A0-B8B3-4668-B4EF-1434ABC6C508}.Debug|x64.Build.0 = Debug|x64
		{440748A0-B8B3-4668-B4EF-1434ABC6C508}.Debug|x86.ActiveCfg = Debug|Win32
		{440748A0-B8B3-4668-B4EF-1434ABC6C508}.Debug|x86.Build.0 = Debug|Win32
		{440748A0-B8B3-4668-B4EF-1434ABC6C508}.Release|x64.ActiveCfg = Release|x64
		{440748A0-B8B3-4668-B4EF-1434ABC6C508}.Release|x64.Build.0 = Release|x64
		{440748A0-B8B3-4668-B4EF-1434ABC6C508}.Release|x86.ActiveCfg = Release|Win32
		{440748A0-B8B3-4668-B4EF-1434ABC6C508}.Release|x86.Build.0 = Release|Win32
		{1CE1CA90-2F0D-449F-B33A-5E0452DFE658}.Debug|x64.ActiveCfg = Debug|x64
		{1CE1CA90-2F0D-449F-B33A-5E0452DFE658}.Debug|x64.Build.0 = Debug|x64
		{1CE1CA90-2F0D-449F-B33A-5E0452DFE658}.Debug|x86.ActiveCfg = Debug|Win32
		{1CE1CA90-2F0D-449F-B33A-5E0452DFE658}.Debug|x86.Build.0 = Debug|Win32
		{1CE1CA90-2F0D-449F-B33A-5E0452DFE658}.Release|x64.ActiveCfg = Release|x64
		{1CE1CA90-2F0D-449F-B33A-5E0452DFE658}.Release|x64.Build.0 = Release|x64
		{1CE1CA90-2F0D-449F-B33A-5E0452DFE658}.Release|x86.ActiveCfg = Release|Win32
		{1CE1CA90-2F0D-449F-B33A-5E0452DFE658}.Release|x86.Build.0 = Release|Win32
		{06049322-2B39-476B-BA85-92F79AEFBB48}.Debug|x64.ActiveCfg = Debug|Win32
		{06049322-2B39-476B-BA85-92F79AEFBB48}.Debug|x86.ActiveCfg = Debug|Win32
		{06049322-2B39-476B-BA85-92F79AEFBB48}.Debug|x86.Build.0 = Debug|Win32
		{06049322-2B39-476B-BA85-92F79AEFBB48}.Release|x64.ActiveCfg = Release|Win32
		{06049322-2B39-476B-BA85-92F79AEFBB48}.Release|x86.ActiveCfg = Release|Win32
		{06049322-2B39-476B-BA85-92F79AEFBB48}.Release|x86.Build.0 = Release|Win32
		{FF1798A7-055C-49EB-945E-CCEAE8DAEB74}.Debug|x64.ActiveCfg = Debug|x64
		{FF1798A7-055C-49EB-945E-CCEAE8DAEB74}.Debug|x64.Build.0 = Debug|x64
		{FF1798A7-055C-49EB-945E-CCEAE8DAEB74}.Debug|x86.ActiveCfg = Debug|x64
		{FF1798A7-055C-49EB-945E-CCEAE8DAEB74}.Release|x64.ActiveCfg = Release|x64
		{FF1798A7-055C-49EB-945E-CCEAE8DAEB74}.Release|x64.Build.0 = Release|x64
		{FF1798A7-055C-49EB-945E-CCEAE8DAEB74}.Release|x86.ActiveCfg = Release|x64
		{12AF1141-0E56-4905-A006-19108CEC5ED7}.Debug|x64.ActiveCfg = Debug|x64
		{12AF1141-0E56-4905-A006-19108CEC5ED7}.Debug|x64.Build.0 = Debug|x64
		{12AF1141-0E56-4905-A006-19108CEC5ED7}.Debug|x86.ActiveCfg = Debug|x86
		{12AF1141-0E56-4905-A006-19108CEC5ED7}.Debug|x86.Build.0 = Debug|x86
		{12AF1141-0E56-4905-A006-19108CEC5ED7}.Release|x64.ActiveCfg = Release|x64
		{12AF1141-0E56-4905-A006-19108CEC5ED7}.Release|x64.Build.0 = Release|x64
		{12AF1141-0E56-4905-A006-19108CEC5ED7}.Release|x86.ActiveCfg = Release|x86
		{12AF1141-0E56-4905-A006-19108CEC5ED7}.Release|x86.Build.0 = Release|x86
		{7E65CF83-2D2E-4CA3-B0F9-52BC5202125E}.Debug|x64.ActiveCfg = Debug|x64
		{7E65CF83-2D2E-4CA3-B0F9-52BC5202125E}.Debug|x64.Build.0 = Debug|x64
		{7E65CF83-2D2E-4CA3-B0F9-52BC5202125E}.Debug|x86.ActiveCfg = Debug|Win32
		{7E65CF83-2D2E-4CA3-B0F9-52BC5202125E}.Debug|x86.Build.0 = Debug|Win32
		{7E65CF83-2D2E-4CA3-B0F9-52BC5202125E}.Release|x64.ActiveCfg = Release|x64
		{7E65CF83-2D2E-4CA3-B0F9-52BC5202125E}.Release|x64.Build.0 = Release|x64
		{7E65CF83-2D2E-4CA3-B0F9-52BC5202125E}.Release|x86.ActiveCfg = Release|Win32
		{7E65CF83-2D2E-4CA3-B0F9-52BC5202125E}.Release|x86.Build.0 = Release|Win32
		{D310D96E-7247-4F42-AD2C-10F031405AEC}.Debug|x64.ActiveCfg = Debug|x64
		{D310D96E-7247-4F42-AD2C-10F031405AEC}.Debug|x64.Build.0 = Debug|x64
		{D310D96E-7247-4F42-AD2C-10F031405AEC}.Debug|x86.ActiveCfg = Debug|Win32
		{D310D96E-7247-4F42-AD2C-10F031405AEC}.Debug|x86.Build.0 = Debug|Win32
		{D310D96E-7247-4F42-AD2C-10F031405AEC}.Release|x64.ActiveCfg = Release|x64
		{D310D96E-7247-4F42-AD2C-10F031405AEC}.Release|x64.Build.0 = Release|x64
		{D310D96E-7247-4F42-AD2C-10F031405AEC}.Release|x86.ActiveCfg = Release|Win32
		{D310D96E-7247-4F42-AD2C-10F031405AEC}.Release|x86.Build.0 = Release|Win32
		{6C512BC5-2B52-4E5C-B3DC-8126BFF32606}.Debug|x64.ActiveCfg = Debug|x64
		{6C512BC5-2B52-4E5C-B3DC-8126BFF32606}.Debug|x64.Build.0 = Debug|x64
		{6C512BC5-2B52-4E5C-B3DC-8126BFF32606}.Debug|x86.ActiveCfg = Debug|Win32
		{6C512BC5-2B52-4E5C-B3DC-8126BFF32606}.Debug|x86.Build.0 = Debug|Win32
		{6C512BC5-2B52-4E5C-B3DC-8126BFF32606}.Release|x64.ActiveCfg = Release|x64
		{6C512BC5-2B52-4E5C-B3DC-8126BFF32606}.Release|x64.Build.0 = Release|x64
		{6C512BC5-2B52-4E5C-B3DC-8126BFF32606}.Release|x86.ActiveCfg = Release|Win32
		{6C512BC5-2B52-4E5C-B3DC-8126BFF32606}.Release|x86.Build.0 = Release|Win32
		{3BB26A3C-61CF-4F3D-B6C1-4C9C6C20EA99}.Debug|x64.ActiveCfg = Debug|x64
		{3BB26A3C-61CF-4F3D-B6C1-4C9C6C20EA99}.Debug|x64.Build.0 = Debug|x64
		{3BB26A3C-61CF-4F3D-B6C1-4C9C6C20EA99}.Debug|x86.ActiveCfg = Debug|x64
		{3BB26A3C-61CF-4F3D-B6C1-4C9C6C20EA99}.Release|x64.ActiveCfg = Release|x64
		{3BB26A3C-61CF-4F3D-B6C1-4C9C6C20EA99}.Release|x64.Build.0 = Release|x64
		{3BB26A3C-61CF-4F3D-B6C1-4C9C6C20EA99}.Release|x86.ActiveCfg = Release|x64
		{1910C9DA-582D-44FF-9E80-38C3394BCFB3}.Debug|x64.ActiveCfg = Debug|x64
		{1910C9DA-582D-44FF-9E80-38C3394BCFB3}.Debug|x64.Build.0 = Debug|x64
		{1910C9DA-582D-44FF-9E80-38C3394BCFB3}.Debug|x86.ActiveCfg = Debug|Win32
		{1910C9DA-582D-44FF-9E80-38C3394BCFB3}.Debug|x86.Build.0 = Debug|Win32
		{1910C9DA-582D-44FF-9E80-38C3394BCFB3}.Release|x64.ActiveCfg = Release|x64
		{1910C9DA-582D-44FF-9E80-38C3394BCFB3}.Release|x64.Build.0 = Release|x64
		{1910C9DA-582D-44FF-9E80-38C3394BCFB3}.Release|x86.ActiveCfg = Release|Win32
		{1910C9DA-582D-44FF-9E80-38C3394BCFB3}.Release|x86.Build.0 = Release|Win32
		{50792A4F-2100-4796-8C0C-830440C6F6F0}.Debug|x64.ActiveCfg = Debug|x64
		{50792A4F-2100-4796-8C0C-830440C6F6F0}.Debug|x64.Build.0 = Debug|x64
		{50792A4F-2100-4796-8C0C-830440C6F6F0}.Debug|x86.ActiveCfg = Debug|Win32
		{50792A4F-2100-4796-8C0C-830440C6F6F0}.Debug|x86.Build.0 = Debug|Win32
		{50792A4F-2100-4796-8C0C-830440C6F6F0}.Release|x64.ActiveCfg = Release|x64
		{50792A4F-2100-4796-8C0C-830440C6F6F0}.Release|x64.Build.0 = Release|x64
		{50792A4F-2100-4796-8C0C-830440C6F6F0}.Release|x86.ActiveCfg = Release|Win32
		{50792A4F-2100-4796-8C0C-830440C6F6F0}.Release|x86.Build.0 = Release|Win32
	EndGlobalSection
	GlobalSection(SolutionProperties) = preSolution
		HideSolutionNode = FALSE
	EndGlobalSection
EndGlobal
