<?xml version="1.0" encoding="utf-8"?>
<Project ToolsVersion="4.0" xmlns="http://schemas.microsoft.com/developer/msbuild/2003">
  <ItemGroup>
    <Filter Include="Source Files">
      <UniqueIdentifier>{4FC737F1-C7A5-4376-A066-2A32D752A2FF}</UniqueIdentifier>
      <Extensions>cpp;c;cc;cxx;def;odl;idl;hpj;bat;asm;asmx</Extensions>
    </Filter>
    <Filter Include="Header Files">
      <UniqueIdentifier>{93995380-89BD-4b04-88EB-625FBE52EBFB}</UniqueIdentifier>
      <Extensions>h;hpp;hxx;hm;inl;inc;xsd</Extensions>
    </Filter>
    <Filter Include="Resource Files">
      <UniqueIdentifier>{67DA6AB6-F800-4c08-8B7A-83BB121AAD01}</UniqueIdentifier>
      <Extensions>rc;ico;cur;bmp;dlg;rc2;rct;bin;rgs;gif;jpg;jpeg;jpe;resx;tiff;tif;png;wav;mfcribbon-ms</Extensions>
    </Filter>
    <Filter Include="Generated Files">
      <UniqueIdentifier>{d1cfc03f-1499-4c72-94d4-a42f1445bdab}</UniqueIdentifier>
      <SourceControlFiles>False</SourceControlFiles>
    </Filter>
    <Filter Include="Source Files\System Calls">
      <UniqueIdentifier>{4a626597-a6b7-42c4-8d17-8dc9cfea610a}</UniqueIdentifier>
    </Filter>
  </ItemGroup>
  <ItemGroup>
    <ClInclude Include="stdafx.h">
      <Filter>Header Files</Filter>
    </ClInclude>
    <ClInclude Include="uapi.h">
      <Filter>Header Files</Filter>
    </ClInclude>
    <ClInclude Include="ContextRecord.h">
      <Filter>Header Files</Filter>
    </ClInclude>
    <ClInclude Include="Instruction.h">
      <Filter>Header Files</Filter>
    </ClInclude>
    <ClInclude Include="ModRM.h">
      <Filter>Header Files</Filter>
    </ClInclude>
    <ClInclude Include="char_t.h">
      <Filter>Header Files</Filter>
    </ClInclude>
    <ClInclude Include="Exception.h">
      <Filter>Header Files</Filter>
    </ClInclude>
    <ClInclude Include="Win32Exception.h">
      <Filter>Header Files</Filter>
    </ClInclude>
    <ClInclude Include="tstring.h">
      <Filter>Header Files</Filter>
    </ClInclude>
    <ClInclude Include="..\tmp\vm.service\vm.service.h">
      <Filter>Generated Files</Filter>
    </ClInclude>
    <ClInclude Include="..\..\external\cpp-btree\btree_map.h">
      <Filter>Header Files</Filter>
    </ClInclude>
    <ClInclude Include="FsObject.h">
      <Filter>Header Files</Filter>
    </ClInclude>
    <ClInclude Include="CriticalSection.h">
      <Filter>Header Files</Filter>
    </ClInclude>
    <ClInclude Include="AutoCriticalSection.h">
      <Filter>Header Files</Filter>
    </ClInclude>
    <ClInclude Include="FIleDescriptorTable.h">
      <Filter>Header Files</Filter>
    </ClInclude>
    <ClInclude Include="ReaderWriterLock.h">
      <Filter>Header Files</Filter>
    </ClInclude>
    <ClInclude Include="AutoReaderLock.h">
      <Filter>Header Files</Filter>
    </ClInclude>
    <ClInclude Include="AutoWriterLock.h">
      <Filter>Header Files</Filter>
    </ClInclude>
    <ClInclude Include="FileDescriptor.h">
      <Filter>Header Files</Filter>
    </ClInclude>
  </ItemGroup>
  <ItemGroup>
    <ClCompile Include="stdafx.cpp">
      <Filter>Source Files</Filter>
    </ClCompile>
    <ClCompile Include="dllmain.cpp">
      <Filter>Source Files</Filter>
    </ClCompile>
    <ClCompile Include="Instruction.cpp">
      <Filter>Source Files</Filter>
    </ClCompile>
    <ClCompile Include="ModRM.cpp">
      <Filter>Source Files</Filter>
    </ClCompile>
    <ClCompile Include="sys020_getpid.cpp">
      <Filter>Source Files\System Calls</Filter>
    </ClCompile>
    <ClCompile Include="sys090_mmap.cpp">
      <Filter>Source Files\System Calls</Filter>
    </ClCompile>
    <ClCompile Include="sys125_mprotect.cpp">
      <Filter>Source Files\System Calls</Filter>
    </ClCompile>
    <ClCompile Include="sys191_ugetrlimit.cpp">
      <Filter>Source Files\System Calls</Filter>
    </ClCompile>
    <ClCompile Include="sys192_mmap2.cpp">
      <Filter>Source Files\System Calls</Filter>
    </ClCompile>
    <ClCompile Include="sys224_gettid.cpp">
      <Filter>Source Files\System Calls</Filter>
    </ClCompile>
    <ClCompile Include="sys122_newuname.cpp">
      <Filter>Source Files\System Calls</Filter>
    </ClCompile>
    <ClCompile Include="sys243_set_thread_area.cpp">
      <Filter>Source Files\System Calls</Filter>
    </ClCompile>
    <ClCompile Include="noentry.cpp">
      <Filter>Source Files\System Calls</Filter>
    </ClCompile>
    <ClCompile Include="sys219_madvise.cpp">
      <Filter>Source Files\System Calls</Filter>
    </ClCompile>
    <ClCompile Include="sys005_open.cpp">
      <Filter>Source Files\System Calls</Filter>
    </ClCompile>
    <ClCompile Include="sys252_exit_group.cpp">
      <Filter>Source Files\System Calls</Filter>
    </ClCompile>
    <ClCompile Include="sys001_exit.cpp">
      <Filter>Source Files\System Calls</Filter>
    </ClCompile>
    <ClCompile Include="Exception.cpp">
      <Filter>Source Files</Filter>
    </ClCompile>
    <ClCompile Include="..\tmp\vm.service\vm.service_c.c">
      <Filter>Generated Files</Filter>
    </ClCompile>
    <ClCompile Include="rpc.cpp">
      <Filter>Source Files</Filter>
    </ClCompile>
    <ClCompile Include="sys004_write.cpp">
      <Filter>Source Files\System Calls</Filter>
    </ClCompile>
    <ClCompile Include="FsObject.cpp">
      <Filter>Source Files</Filter>
    </ClCompile>
    <ClCompile Include="FileDescriptorTable.cpp">
      <Filter>Source Files</Filter>
    </ClCompile>
    <ClCompile Include="sys003_read.cpp">
      <Filter>Source Files\System Calls</Filter>
    </ClCompile>
    <ClCompile Include="sys006_close.cpp">
      <Filter>Source Files\System Calls</Filter>
    </ClCompile>
  </ItemGroup>
  <ItemGroup>
    <ResourceCompile Include="..\tmp\version\version.rc">
      <Filter>Generated Files</Filter>
    </ResourceCompile>
  </ItemGroup>
  <ItemGroup>
    <None Include="vm.syscalls.def">
      <Filter>Source Files</Filter>
    </None>
  </ItemGroup>
</Project>