<?xml version="1.0" encoding="utf-8"?>
<Project ToolsVersion="4.0" xmlns="http://schemas.microsoft.com/developer/msbuild/2003">
  <ItemGroup>
    <Filter Include="Source Files">
      <UniqueIdentifier>{51B7C1F3-8620-4BC1-9B5F-DCD14560B3FE}</UniqueIdentifier>
      <Extensions>cpp;c;cc;cxx;def;odl;idl;hpj;bat;asm;asmx</Extensions>
    </Filter>
    <Filter Include="Header Files">
      <UniqueIdentifier>{0D72ED7B-74B0-4379-9537-D60824508854}</UniqueIdentifier>
      <Extensions>h;hpp;hxx;hm;inl;inc;xsd</Extensions>
    </Filter>
    <Filter Include="Resource Files">
      <UniqueIdentifier>{AB505C17-70DF-4C59-803C-2FEE675628FE}</UniqueIdentifier>
      <Extensions>rc;ico;cur;bmp;dlg;rc2;rct;bin;rgs;gif;jpg;jpeg;jpe;resx;tiff;tif;png;wav;mfcribbon-ms</Extensions>
    </Filter>
    <Filter Include="Generated Files">
      <UniqueIdentifier>{67D5B7CD-C0C8-4545-8F49-5DB3A838925E}</UniqueIdentifier>
      <SourceControlFiles>False</SourceControlFiles>
    </Filter>
    <Filter Include="Source Files\Common">
      <UniqueIdentifier>{8eed7a73-91f5-45b3-b2e7-cf060b48f7cf}</UniqueIdentifier>
    </Filter>
    <Filter Include="Header Files\Common">
      <UniqueIdentifier>{4461e233-7df7-4cbd-9905-596a0cd9cb72}</UniqueIdentifier>
    </Filter>
    <Filter Include="Source Files\System Calls">
      <UniqueIdentifier>{d18dffed-47ae-4c57-8c9b-420e74043ef7}</UniqueIdentifier>
    </Filter>
    <Filter Include="Header Files\Common\linux">
      <UniqueIdentifier>{369bac7b-da54-4c19-89e5-b3f3d0f719ff}</UniqueIdentifier>
    </Filter>
  </ItemGroup>
  <ItemGroup>
    <ClInclude Include="stdafx.h">
      <Filter>Header Files</Filter>
    </ClInclude>
    <ClInclude Include="..\common\Exception.h">
      <Filter>Header Files\Common</Filter>
    </ClInclude>
    <ClInclude Include="..\common\Win32Exception.h">
      <Filter>Header Files\Common</Filter>
    </ClInclude>
    <ClInclude Include="..\tmp\vm.messages\messages.h">
      <Filter>Generated Files</Filter>
    </ClInclude>
    <ClInclude Include="..\common\generic_text.h">
      <Filter>Header Files\Common</Filter>
    </ClInclude>
    <ClInclude Include="..\tmp\vm.service\x86\syscalls32.h">
      <Filter>Generated Files</Filter>
    </ClInclude>
    <ClInclude Include="syscalls.h">
      <Filter>Header Files</Filter>
    </ClInclude>
    <ClInclude Include="..\common\align.h">
      <Filter>Header Files\Common</Filter>
    </ClInclude>
    <ClInclude Include="emulator.h">
      <Filter>Header Files</Filter>
    </ClInclude>
    <ClInclude Include="..\common\linux\errno.h">
      <Filter>Header Files\Common\linux</Filter>
    </ClInclude>
    <ClInclude Include="..\common\SystemInformation.h">
      <Filter>Header Files\Common</Filter>
    </ClInclude>
  </ItemGroup>
  <ItemGroup>
    <ClCompile Include="stdafx.cpp">
      <Filter>Source Files</Filter>
    </ClCompile>
    <ClCompile Include="main.cpp">
      <Filter>Source Files</Filter>
    </ClCompile>
    <ClCompile Include="..\common\Exception.cpp">
      <Filter>Source Files\Common</Filter>
    </ClCompile>
    <ClCompile Include="..\common\Win32Exception.cpp">
      <Filter>Source Files\Common</Filter>
    </ClCompile>
    <ClCompile Include="..\common\rpcmem.cpp">
      <Filter>Source Files\Common</Filter>
    </ClCompile>
    <ClCompile Include="..\tmp\vm.service\x86\syscalls32_c.c">
      <Filter>Generated Files</Filter>
    </ClCompile>
    <ClCompile Include="emulator.cpp">
      <Filter>Source Files</Filter>
    </ClCompile>
    <ClCompile Include="syscalls.cpp">
      <Filter>Source Files</Filter>
    </ClCompile>
    <ClCompile Include="sys_clone.cpp">
      <Filter>Source Files\System Calls</Filter>
    </ClCompile>
    <ClCompile Include="..\common\SystemInformation.cpp">
      <Filter>Source Files\Common</Filter>
    </ClCompile>
    <ClCompile Include="trace.cpp">
      <Filter>Source Files</Filter>
    </ClCompile>
    <ClCompile Include="sys_fork.cpp">
      <Filter>Source Files\System Calls</Filter>
    </ClCompile>
    <ClCompile Include="sys_vfork.cpp">
      <Filter>Source Files\System Calls</Filter>
    </ClCompile>
    <ClCompile Include="sys_exit.cpp">
      <Filter>Source Files\System Calls</Filter>
    </ClCompile>
    <ClCompile Include="sys_exit_group.cpp">
      <Filter>Source Files\System Calls</Filter>
    </ClCompile>
    <ClCompile Include="sys_execve.cpp">
      <Filter>Source Files\System Calls</Filter>
    </ClCompile>
  </ItemGroup>
  <ItemGroup>
    <ResourceCompile Include="..\tmp\version\version.rc">
      <Filter>Generated Files</Filter>
    </ResourceCompile>
    <ResourceCompile Include="..\tmp\vm.messages\messages.rc">
      <Filter>Generated Files</Filter>
    </ResourceCompile>
  </ItemGroup>
</Project>