<?xml version="1.0" encoding="utf-8"?>
<Project ToolsVersion="4.0" xmlns="http://schemas.microsoft.com/developer/msbuild/2003">
  <ItemGroup>
    <Filter Include="Source Files">
      <UniqueIdentifier>{4FC737F1-C7A5-4376-A066-2A32D752A2FF}</UniqueIdentifier>
      <Extensions>cpp;c;cc;cxx;def;odl;idl;hpj;bat;asm;asmx</Extensions>
    </Filter>
    <Filter Include="Header Files">
      <UniqueIdentifier>{93995380-89BD-4b04-88EB-625FBE52EBFB}</UniqueIdentifier>
      <Extensions>h;hpp;hxx;hm;inl;inc;xsd</Extensions>
    </Filter>
    <Filter Include="Resource Files">
      <UniqueIdentifier>{67DA6AB6-F800-4c08-8B7A-83BB121AAD01}</UniqueIdentifier>
      <Extensions>rc;ico;cur;bmp;dlg;rc2;rct;bin;rgs;gif;jpg;jpeg;jpe;resx;tiff;tif;png;wav;mfcribbon-ms</Extensions>
    </Filter>
    <Filter Include="Generated Files">
      <UniqueIdentifier>{21950f9b-dc94-4ce6-b050-279701a01102}</UniqueIdentifier>
      <SourceControlFiles>False</SourceControlFiles>
    </Filter>
    <Filter Include="Source Files\System Calls">
      <UniqueIdentifier>{4cd7517e-f0ea-418f-89b0-27b15dc8b6bb}</UniqueIdentifier>
    </Filter>
    <Filter Include="Header Files\Common">
      <UniqueIdentifier>{2a05df38-3058-4c79-b8db-85b7733bd3da}</UniqueIdentifier>
    </Filter>
    <Filter Include="Source Files\Common">
      <UniqueIdentifier>{9a79cfaf-eb10-4cda-9464-29c751ca3c5b}</UniqueIdentifier>
    </Filter>
    <Filter Include="External Libraries">
      <UniqueIdentifier>{112c476e-5b78-461b-8544-44d331a06092}</UniqueIdentifier>
      <SourceControlFiles>False</SourceControlFiles>
    </Filter>
    <Filter Include="External Libraries\zlib">
      <UniqueIdentifier>{d17e3b80-cbce-4317-8b0b-401f8eb5b9d9}</UniqueIdentifier>
      <SourceControlFiles>False</SourceControlFiles>
    </Filter>
    <Filter Include="External Libraries\bzip2">
      <UniqueIdentifier>{faad06cc-310a-47b1-b7aa-afe77d5edb52}</UniqueIdentifier>
      <SourceControlFiles>False</SourceControlFiles>
    </Filter>
    <Filter Include="External Libraries\xz-embedded">
      <UniqueIdentifier>{28a4c10b-354b-46dd-984b-dd018b35bd6d}</UniqueIdentifier>
      <SourceControlFiles>False</SourceControlFiles>
    </Filter>
    <Filter Include="External Libraries\lz4">
      <UniqueIdentifier>{27f14f72-3d4d-4060-8000-3c0ccb7b024f}</UniqueIdentifier>
      <SourceControlFiles>False</SourceControlFiles>
    </Filter>
    <Filter Include="External Libraries\minilzo">
      <UniqueIdentifier>{438ae0f9-01be-424b-93c1-0bbc71d1d0d2}</UniqueIdentifier>
      <SourceControlFiles>False</SourceControlFiles>
    </Filter>
    <Filter Include="External Libraries\lzma">
      <UniqueIdentifier>{e7bc0f43-14ed-4d23-93a0-7d9cc6815149}</UniqueIdentifier>
    </Filter>
    <Filter Include="Header Files\Common\linux">
      <UniqueIdentifier>{b27f5fa3-9be1-4996-b101-e6a1707377df}</UniqueIdentifier>
    </Filter>
    <Filter Include="External Libraries\servicelib">
      <UniqueIdentifier>{1edb1ceb-8d74-4ff5-b348-6a35554bf66f}</UniqueIdentifier>
      <SourceControlFiles>False</SourceControlFiles>
    </Filter>
    <Filter Include="Header Files\Character Devices">
      <UniqueIdentifier>{178e848a-95c4-48bc-a014-a0cde2ef3b01}</UniqueIdentifier>
    </Filter>
    <Filter Include="Source Files\File Systems">
      <UniqueIdentifier>{ce8be77b-3a5a-4986-a7b9-3278d4901e91}</UniqueIdentifier>
    </Filter>
    <Filter Include="Header Files\File Systems">
      <UniqueIdentifier>{904732a2-c9b8-4969-b93a-83d5ebb5163d}</UniqueIdentifier>
    </Filter>
    <Filter Include="Header Files\System Calls">
      <UniqueIdentifier>{7813127d-e6b1-4b3c-8869-be5edc4b6a8a}</UniqueIdentifier>
    </Filter>
    <Filter Include="Header Files\Elf">
      <UniqueIdentifier>{c4bb8625-8a77-45af-94c5-fc57c0663cf9}</UniqueIdentifier>
    </Filter>
    <Filter Include="Source Files\Elf">
      <UniqueIdentifier>{b644b66c-6e6a-424b-a08e-5755df58d637}</UniqueIdentifier>
    </Filter>
  </ItemGroup>
  <ItemGroup>
    <ClInclude Include="stdafx.h">
      <Filter>Header Files</Filter>
    </ClInclude>
    <ClInclude Include="VmService.h">
      <Filter>Header Files</Filter>
    </ClInclude>
    <ClInclude Include="resource.h">
      <Filter>Resource Files</Filter>
    </ClInclude>
    <ClInclude Include="CharacterDevice.h">
      <Filter>Header Files</Filter>
    </ClInclude>
    <ClInclude Include="BlockDevice.h">
      <Filter>Header Files</Filter>
    </ClInclude>
    <ClInclude Include="PipeDevice.h">
      <Filter>Header Files</Filter>
    </ClInclude>
    <ClInclude Include="SocketDevice.h">
      <Filter>Header Files</Filter>
    </ClInclude>
    <ClInclude Include="..\common\GZipStreamReader.h">
      <Filter>Header Files\Common</Filter>
    </ClInclude>
    <ClInclude Include="..\common\StreamReader.h">
      <Filter>Header Files\Common</Filter>
    </ClInclude>
    <ClInclude Include="..\..\external\zlib\zconf.h">
      <Filter>External Libraries\zlib</Filter>
    </ClInclude>
    <ClInclude Include="..\..\external\zlib\zlib.h">
      <Filter>External Libraries\zlib</Filter>
    </ClInclude>
    <ClInclude Include="..\common\Exception.h">
      <Filter>Header Files\Common</Filter>
    </ClInclude>
    <ClInclude Include="..\common\Win32Exception.h">
      <Filter>Header Files\Common</Filter>
    </ClInclude>
    <ClInclude Include="..\common\CpioArchive.h">
      <Filter>Header Files\Common</Filter>
    </ClInclude>
    <ClInclude Include="..\tmp\vm.messages\messages.h">
      <Filter>Generated Files</Filter>
    </ClInclude>
    <ClInclude Include="..\common\BZip2StreamReader.h">
      <Filter>Header Files\Common</Filter>
    </ClInclude>
    <ClInclude Include="..\common\CompressedStreamReader.h">
      <Filter>Header Files\Common</Filter>
    </ClInclude>
    <ClInclude Include="..\common\Lz4StreamReader.h">
      <Filter>Header Files\Common</Filter>
    </ClInclude>
    <ClInclude Include="..\common\LzopStreamReader.h">
      <Filter>Header Files\Common</Filter>
    </ClInclude>
    <ClInclude Include="..\common\XzStreamReader.h">
      <Filter>Header Files\Common</Filter>
    </ClInclude>
    <ClInclude Include="..\..\external\bzip2\bzlib.h">
      <Filter>External Libraries\bzip2</Filter>
    </ClInclude>
    <ClInclude Include="..\..\external\minilzo\lzoconf.h">
      <Filter>External Libraries\minilzo</Filter>
    </ClInclude>
    <ClInclude Include="..\..\external\minilzo\lzodefs.h">
      <Filter>External Libraries\minilzo</Filter>
    </ClInclude>
    <ClInclude Include="..\..\external\minilzo\minilzo.h">
      <Filter>External Libraries\minilzo</Filter>
    </ClInclude>
    <ClInclude Include="..\common\File.h">
      <Filter>Header Files\Common</Filter>
    </ClInclude>
    <ClInclude Include="..\common\MappedFile.h">
      <Filter>Header Files\Common</Filter>
    </ClInclude>
    <ClInclude Include="..\common\MappedFileView.h">
      <Filter>Header Files\Common</Filter>
    </ClInclude>
    <ClInclude Include="..\common\MemoryRegion.h">
      <Filter>Header Files\Common</Filter>
    </ClInclude>
    <ClInclude Include="..\..\external\lz4\lz4.h">
      <Filter>External Libraries\lz4</Filter>
    </ClInclude>
    <ClInclude Include="..\..\external\xz-embedded\linux\include\linux\xz.h">
      <Filter>External Libraries\xz-embedded</Filter>
    </ClInclude>
    <ClInclude Include="..\..\external\lzma\C\LzmaDec.h">
      <Filter>External Libraries\lzma</Filter>
    </ClInclude>
    <ClInclude Include="..\..\external\lzma\C\Types.h">
      <Filter>External Libraries\lzma</Filter>
    </ClInclude>
    <ClInclude Include="..\common\BufferStreamReader.h">
      <Filter>Header Files\Common</Filter>
    </ClInclude>
    <ClInclude Include="..\common\LzmaStreamReader.h">
      <Filter>Header Files\Common</Filter>
    </ClInclude>
    <ClInclude Include="..\common\linux\stat.h">
      <Filter>Header Files\Common\linux</Filter>
    </ClInclude>
    <ClInclude Include="..\common\linux\types.h">
      <Filter>Header Files\Common\linux</Filter>
    </ClInclude>
    <ClInclude Include="..\common\linux\fs.h">
      <Filter>Header Files\Common\linux</Filter>
    </ClInclude>
    <ClInclude Include="..\common\linux\fcntl.h">
      <Filter>Header Files\Common\linux</Filter>
    </ClInclude>
    <ClInclude Include="..\common\linux\errno.h">
      <Filter>Header Files\Common\linux</Filter>
    </ClInclude>
    <ClInclude Include="..\..\external\servicelib\servicelib.h">
      <Filter>External Libraries\servicelib</Filter>
    </ClInclude>
    <ClInclude Include="..\common\CommandLine.h">
      <Filter>Header Files\Common</Filter>
    </ClInclude>
    <ClInclude Include="VmSystemLog.h">
      <Filter>Header Files</Filter>
    </ClInclude>
    <ClInclude Include="NullCharacterDevice.h">
      <Filter>Header Files\Character Devices</Filter>
    </ClInclude>
    <ClInclude Include="ZeroCharacterDevice.h">
      <Filter>Header Files\Character Devices</Filter>
    </ClInclude>
    <ClInclude Include="Device.h">
      <Filter>Header Files</Filter>
    </ClInclude>
    <ClInclude Include="FileSystem.h">
      <Filter>Header Files</Filter>
    </ClInclude>
    <ClInclude Include="..\common\generic_text.h">
      <Filter>Header Files\Common</Filter>
    </ClInclude>
    <ClInclude Include="..\common\StructuredException.h">
      <Filter>Header Files\Common</Filter>
    </ClInclude>
    <ClInclude Include="..\common\LinuxException.h">
      <Filter>Header Files\Common</Filter>
    </ClInclude>
    <ClInclude Include="RootFileSystem.h">
      <Filter>Header Files\File Systems</Filter>
    </ClInclude>
    <ClInclude Include="VmFileSystem.h">
      <Filter>Header Files</Filter>
    </ClInclude>
    <ClInclude Include="..\common\IndexPool.h">
      <Filter>Header Files\Common</Filter>
    </ClInclude>
    <ClInclude Include="MountOptions.h">
      <Filter>Header Files</Filter>
    </ClInclude>
    <ClInclude Include="TempFileSystem.h">
      <Filter>Header Files\File Systems</Filter>
    </ClInclude>
    <ClInclude Include="FilePermission.h">
      <Filter>Header Files</Filter>
    </ClInclude>
    <ClInclude Include="Process.h">
      <Filter>Header Files</Filter>
    </ClInclude>
    <ClInclude Include="VmProcessManager.h">
      <Filter>Header Files</Filter>
    </ClInclude>
    <ClInclude Include="SystemCalls.h">
      <Filter>Header Files\System Calls</Filter>
    </ClInclude>
    <ClInclude Include="syscalls.h">
      <Filter>Header Files\System Calls</Filter>
    </ClInclude>
    <ClInclude Include="..\common\RpcInterface.h">
      <Filter>Header Files\Common</Filter>
    </ClInclude>
    <ClInclude Include="..\common\Console.h">
      <Filter>Header Files\Common</Filter>
    </ClInclude>
    <ClInclude Include="..\common\PathIterator.h">
      <Filter>Header Files\Common</Filter>
    </ClInclude>
    <ClInclude Include="..\common\PathSplitter.h">
      <Filter>Header Files\Common</Filter>
    </ClInclude>
    <ClInclude Include="..\tmp\vm.service\x64\syscalls32.h">
      <Filter>Generated Files</Filter>
    </ClInclude>
    <ClInclude Include="..\tmp\vm.service\x86\syscalls32.h">
      <Filter>Generated Files</Filter>
    </ClInclude>
    <ClInclude Include="..\tmp\vm.service\x64\syscalls64.h">
      <Filter>Generated Files</Filter>
    </ClInclude>
    <ClInclude Include="FileDescriptor.h">
      <Filter>Header Files</Filter>
    </ClInclude>
    <ClInclude Include="..\common\linux\elf.h">
      <Filter>Header Files\Common\linux</Filter>
    </ClInclude>
    <ClInclude Include="..\common\linux\elf-em.h">
      <Filter>Header Files\Common\linux</Filter>
    </ClInclude>
    <ClInclude Include="..\common\HeapBuffer.h">
      <Filter>Header Files\Common</Filter>
    </ClInclude>
    <ClInclude Include="VirtualMachine.h">
      <Filter>Header Files</Filter>
    </ClInclude>
    <ClInclude Include="VmSettings.h">
      <Filter>Header Files</Filter>
    </ClInclude>
    <ClInclude Include="VmServiceParameters.h">
      <Filter>Header Files</Filter>
    </ClInclude>
    <ClInclude Include="HandleStreamReader.h">
      <Filter>Header Files</Filter>
    </ClInclude>
    <ClInclude Include="..\common\linux\signal.h">
      <Filter>Header Files\Common\linux</Filter>
    </ClInclude>
    <ClInclude Include="Host.h">
      <Filter>Header Files</Filter>
    </ClInclude>
    <ClInclude Include="..\common\linux\auxvec.h">
      <Filter>Header Files\Common\linux</Filter>
    </ClInclude>
    <ClInclude Include="ElfArguments.h">
      <Filter>Header Files\Elf</Filter>
    </ClInclude>
    <ClInclude Include="ElfClass.h">
      <Filter>Header Files\Elf</Filter>
    </ClInclude>
    <ClInclude Include="ElfImage.h">
      <Filter>Header Files\Elf</Filter>
    </ClInclude>
    <ClInclude Include="..\common\Random.h">
      <Filter>Header Files\Common</Filter>
    </ClInclude>
    <ClInclude Include="..\common\linux\ldt.h">
      <Filter>Header Files\Common\linux</Filter>
    </ClInclude>
    <ClInclude Include="..\common\linux\mman.h">
      <Filter>Header Files\Common\linux</Filter>
    </ClInclude>
    <ClInclude Include="..\common\linux\utsname.h">
      <Filter>Header Files\Common\linux</Filter>
    </ClInclude>
    <ClInclude Include="..\common\align.h">
      <Filter>Header Files\Common</Filter>
    </ClInclude>
    <ClInclude Include="..\common\uapi.h">
      <Filter>Header Files\Common</Filter>
    </ClInclude>
  </ItemGroup>
  <ItemGroup>
    <ClCompile Include="stdafx.cpp">
      <Filter>Source Files</Filter>
    </ClCompile>
    <ClCompile Include="main.cpp">
      <Filter>Source Files</Filter>
    </ClCompile>
    <ClCompile Include="VmService.cpp">
      <Filter>Source Files</Filter>
    </ClCompile>
    <ClCompile Include="..\common\GZipStreamReader.cpp">
      <Filter>Source Files\Common</Filter>
    </ClCompile>
    <ClCompile Include="..\common\StreamReader.cpp">
      <Filter>Source Files\Common</Filter>
    </ClCompile>
    <ClCompile Include="..\..\external\zlib\adler32.c">
      <Filter>External Libraries\zlib</Filter>
    </ClCompile>
    <ClCompile Include="..\..\external\zlib\crc32.c">
      <Filter>External Libraries\zlib</Filter>
    </ClCompile>
    <ClCompile Include="..\..\external\zlib\inffast.c">
      <Filter>External Libraries\zlib</Filter>
    </ClCompile>
    <ClCompile Include="..\..\external\zlib\inflate.c">
      <Filter>External Libraries\zlib</Filter>
    </ClCompile>
    <ClCompile Include="..\..\external\zlib\inftrees.c">
      <Filter>External Libraries\zlib</Filter>
    </ClCompile>
    <ClCompile Include="..\..\external\zlib\zutil.c">
      <Filter>External Libraries\zlib</Filter>
    </ClCompile>
    <ClCompile Include="..\common\Exception.cpp">
      <Filter>Source Files\Common</Filter>
    </ClCompile>
    <ClCompile Include="..\common\CpioArchive.cpp">
      <Filter>Source Files\Common</Filter>
    </ClCompile>
    <ClCompile Include="..\common\BZip2StreamReader.cpp">
      <Filter>Source Files\Common</Filter>
    </ClCompile>
    <ClCompile Include="..\common\CompressedStreamReader.cpp">
      <Filter>Source Files\Common</Filter>
    </ClCompile>
    <ClCompile Include="..\common\Lz4StreamReader.cpp">
      <Filter>Source Files\Common</Filter>
    </ClCompile>
    <ClCompile Include="..\common\LzopStreamReader.cpp">
      <Filter>Source Files\Common</Filter>
    </ClCompile>
    <ClCompile Include="..\common\XzStreamReader.cpp">
      <Filter>Source Files\Common</Filter>
    </ClCompile>
    <ClCompile Include="..\common\bz_internal_error.cpp">
      <Filter>Source Files\Common</Filter>
    </ClCompile>
    <ClCompile Include="..\..\external\bzip2\blocksort.c">
      <Filter>External Libraries\bzip2</Filter>
    </ClCompile>
    <ClCompile Include="..\..\external\bzip2\bzcompress.c">
      <Filter>External Libraries\bzip2</Filter>
    </ClCompile>
    <ClCompile Include="..\..\external\bzip2\crctable.c">
      <Filter>External Libraries\bzip2</Filter>
    </ClCompile>
    <ClCompile Include="..\..\external\bzip2\decompress.c">
      <Filter>External Libraries\bzip2</Filter>
    </ClCompile>
    <ClCompile Include="..\..\external\bzip2\huffman.c">
      <Filter>External Libraries\bzip2</Filter>
    </ClCompile>
    <ClCompile Include="..\..\external\bzip2\randtable.c">
      <Filter>External Libraries\bzip2</Filter>
    </ClCompile>
    <ClCompile Include="..\..\external\minilzo\minilzo.c">
      <Filter>External Libraries\minilzo</Filter>
    </ClCompile>
    <ClCompile Include="..\..\external\bzip2\bzlib.c">
      <Filter>External Libraries\bzip2</Filter>
    </ClCompile>
    <ClCompile Include="..\common\File.cpp">
      <Filter>Source Files\Common</Filter>
    </ClCompile>
    <ClCompile Include="..\common\MappedFile.cpp">
      <Filter>Source Files\Common</Filter>
    </ClCompile>
    <ClCompile Include="..\common\MappedFileView.cpp">
      <Filter>Source Files\Common</Filter>
    </ClCompile>
    <ClCompile Include="..\common\MemoryRegion.cpp">
      <Filter>Source Files\Common</Filter>
    </ClCompile>
    <ClCompile Include="..\..\external\lz4\lz4.c">
      <Filter>External Libraries\lz4</Filter>
    </ClCompile>
    <ClCompile Include="..\..\external\xz-embedded\linux\lib\xz\xz_crc32.c">
      <Filter>External Libraries\xz-embedded</Filter>
    </ClCompile>
    <ClCompile Include="..\..\external\xz-embedded\linux\lib\xz\xz_dec_bcj.c">
      <Filter>External Libraries\xz-embedded</Filter>
    </ClCompile>
    <ClCompile Include="..\..\external\xz-embedded\linux\lib\xz\xz_dec_lzma2.c">
      <Filter>External Libraries\xz-embedded</Filter>
    </ClCompile>
    <ClCompile Include="..\..\external\xz-embedded\linux\lib\xz\xz_dec_stream.c">
      <Filter>External Libraries\xz-embedded</Filter>
    </ClCompile>
    <ClCompile Include="..\common\BufferStreamReader.cpp">
      <Filter>Source Files\Common</Filter>
    </ClCompile>
    <ClCompile Include="..\common\rpcmem.cpp">
      <Filter>Source Files\Common</Filter>
    </ClCompile>
    <ClCompile Include="..\..\external\lzma\C\LzmaDec.c">
      <Filter>External Libraries\lzma</Filter>
    </ClCompile>
    <ClCompile Include="..\common\LzmaStreamReader.cpp">
      <Filter>Source Files\Common</Filter>
    </ClCompile>
    <ClCompile Include="..\..\external\servicelib\servicelib.cpp">
      <Filter>External Libraries\servicelib</Filter>
    </ClCompile>
    <ClCompile Include="..\common\CommandLine.cpp">
      <Filter>Source Files\Common</Filter>
    </ClCompile>
    <ClCompile Include="VmSystemLog.cpp">
      <Filter>Source Files</Filter>
    </ClCompile>
    <ClCompile Include="..\common\Win32Exception.cpp">
      <Filter>Source Files\Common</Filter>
    </ClCompile>
    <ClCompile Include="..\common\LinuxException.cpp">
      <Filter>Source Files\Common</Filter>
    </ClCompile>
    <ClCompile Include="..\common\StructuredException.cpp">
      <Filter>Source Files\Common</Filter>
    </ClCompile>
    <ClCompile Include="RootFileSystem.cpp">
      <Filter>Source Files\File Systems</Filter>
    </ClCompile>
    <ClCompile Include="VmFileSystem.cpp">
      <Filter>Source Files</Filter>
    </ClCompile>
    <ClCompile Include="MountOptions.cpp">
      <Filter>Source Files</Filter>
    </ClCompile>
    <ClCompile Include="TempFileSystem.cpp">
      <Filter>Source Files\File Systems</Filter>
    </ClCompile>
    <ClCompile Include="FilePermission.cpp">
      <Filter>Source Files</Filter>
    </ClCompile>
    <ClCompile Include="SystemCalls.cpp">
      <Filter>Source Files\System Calls</Filter>
    </ClCompile>
    <ClCompile Include="syscalls32_epv64.cpp">
      <Filter>Source Files\System Calls</Filter>
    </ClCompile>
    <ClCompile Include="syscalls32_epv32.cpp">
      <Filter>Source Files\System Calls</Filter>
    </ClCompile>
    <ClCompile Include="syscalls64_epv64.cpp">
      <Filter>Source Files\System Calls</Filter>
    </ClCompile>
    <ClCompile Include="..\common\Console.cpp">
      <Filter>Source Files\Common</Filter>
    </ClCompile>
    <ClCompile Include="..\common\PathIterator.cpp">
      <Filter>Source Files\Common</Filter>
    </ClCompile>
    <ClCompile Include="..\common\PathSplitter.cpp">
      <Filter>Source Files\Common</Filter>
    </ClCompile>
    <ClCompile Include="..\tmp\vm.service\x64\syscalls32_s.c">
      <Filter>Generated Files</Filter>
    </ClCompile>
    <ClCompile Include="..\tmp\vm.service\x86\syscalls32_s.c">
      <Filter>Generated Files</Filter>
    </ClCompile>
    <ClCompile Include="..\tmp\vm.service\x64\syscalls64_s.c">
      <Filter>Generated Files</Filter>
    </ClCompile>
    <ClCompile Include="Process.cpp">
      <Filter>Source Files</Filter>
    </ClCompile>
    <ClCompile Include="FileDescriptor.cpp">
      <Filter>Source Files</Filter>
    </ClCompile>
    <ClCompile Include="HandleStreamReader.cpp">
      <Filter>Source Files</Filter>
    </ClCompile>
    <ClCompile Include="Host.cpp">
      <Filter>Source Files</Filter>
    </ClCompile>
    <ClCompile Include="ElfArguments.cpp">
      <Filter>Source Files\Elf</Filter>
    </ClCompile>
    <ClCompile Include="ElfImage.cpp">
      <Filter>Source Files\Elf</Filter>
    </ClCompile>
    <ClCompile Include="..\common\Random.cpp">
      <Filter>Source Files\Common</Filter>
    </ClCompile>
  </ItemGroup>
  <ItemGroup>
    <ResourceCompile Include="..\tmp\version\version.rc">
      <Filter>Generated Files</Filter>
    </ResourceCompile>
    <ResourceCompile Include="vm.service.rc">
      <Filter>Resource Files</Filter>
    </ResourceCompile>
    <ResourceCompile Include="..\tmp\vm.messages\messages.rc">
      <Filter>Generated Files</Filter>
    </ResourceCompile>
  </ItemGroup>
  <ItemGroup>
    <Midl Include="syscalls64.idl">
      <Filter>Source Files\System Calls</Filter>
    </Midl>
    <Midl Include="syscalls32.idl">
      <Filter>Source Files\System Calls</Filter>
    </Midl>
    <Midl Include="uapi.idl">
      <Filter>Source Files</Filter>
    </Midl>
  </ItemGroup>
  <ItemGroup>
    <None Include="syscalls64.acf">
      <Filter>Source Files\System Calls</Filter>
    </None>
    <None Include="syscalls32.acf">
      <Filter>Source Files\System Calls</Filter>
    </None>
  </ItemGroup>
  <ItemGroup>
    <Text Include="..\..\external\servicelib\readme.txt">
      <Filter>External Libraries\servicelib</Filter>
    </Text>
  </ItemGroup>
</Project>