<?xml version="1.0" encoding="utf-8"?>
<Project ToolsVersion="4.0" xmlns="http://schemas.microsoft.com/developer/msbuild/2003">
  <ItemGroup>
    <Filter Include="Source Files">
      <UniqueIdentifier>{4FC737F1-C7A5-4376-A066-2A32D752A2FF}</UniqueIdentifier>
      <Extensions>cpp;c;cc;cxx;def;odl;idl;hpj;bat;asm;asmx</Extensions>
    </Filter>
    <Filter Include="Header Files">
      <UniqueIdentifier>{93995380-89BD-4b04-88EB-625FBE52EBFB}</UniqueIdentifier>
      <Extensions>h;hpp;hxx;hm;inl;inc;xsd</Extensions>
    </Filter>
    <Filter Include="Resource Files">
      <UniqueIdentifier>{67DA6AB6-F800-4c08-8B7A-83BB121AAD01}</UniqueIdentifier>
      <Extensions>rc;ico;cur;bmp;dlg;rc2;rct;bin;rgs;gif;jpg;jpeg;jpe;resx;tiff;tif;png;wav;mfcribbon-ms</Extensions>
    </Filter>
    <Filter Include="Generated Files">
      <UniqueIdentifier>{21950f9b-dc94-4ce6-b050-279701a01102}</UniqueIdentifier>
      <SourceControlFiles>False</SourceControlFiles>
    </Filter>
    <Filter Include="Source Files\System Calls">
      <UniqueIdentifier>{4cd7517e-f0ea-418f-89b0-27b15dc8b6bb}</UniqueIdentifier>
    </Filter>
    <Filter Include="Header Files\Common">
      <UniqueIdentifier>{2a05df38-3058-4c79-b8db-85b7733bd3da}</UniqueIdentifier>
    </Filter>
    <Filter Include="Source Files\Common">
      <UniqueIdentifier>{9a79cfaf-eb10-4cda-9464-29c751ca3c5b}</UniqueIdentifier>
    </Filter>
    <Filter Include="External Libraries">
      <UniqueIdentifier>{112c476e-5b78-461b-8544-44d331a06092}</UniqueIdentifier>
      <SourceControlFiles>False</SourceControlFiles>
    </Filter>
    <Filter Include="External Libraries\svctl">
      <UniqueIdentifier>{1edb1ceb-8d74-4ff5-b348-6a35554bf66f}</UniqueIdentifier>
      <SourceControlFiles>False</SourceControlFiles>
    </Filter>
    <Filter Include="External Libraries\svctl\Header Files">
      <UniqueIdentifier>{999129cf-3136-484d-be75-38348ceb6f63}</UniqueIdentifier>
      <Extensions>h;hpp;hxx;hm;inl;inc;xsd</Extensions>
      <SourceControlFiles>False</SourceControlFiles>
    </Filter>
    <Filter Include="External Libraries\svctl\Resource Files">
      <UniqueIdentifier>{dffdc1f5-f937-4d3e-84c1-cb8d97c7ef94}</UniqueIdentifier>
      <Extensions>rc;ico;cur;bmp;dlg;rc2;rct;bin;rgs;gif;jpg;jpeg;jpe;resx;tiff;tif;png;wav;mfcribbon-ms</Extensions>
      <SourceControlFiles>False</SourceControlFiles>
    </Filter>
    <Filter Include="External Libraries\svctl\Source Files">
      <UniqueIdentifier>{5c003310-8f7d-4496-977c-863b0361a784}</UniqueIdentifier>
      <Extensions>cpp;c;cc;cxx;def;odl;idl;hpj;bat;asm;asmx</Extensions>
      <SourceControlFiles>False</SourceControlFiles>
    </Filter>
    <Filter Include="External Libraries\zlib">
      <UniqueIdentifier>{d17e3b80-cbce-4317-8b0b-401f8eb5b9d9}</UniqueIdentifier>
      <SourceControlFiles>False</SourceControlFiles>
    </Filter>
    <Filter Include="External Libraries\bzip2">
      <UniqueIdentifier>{faad06cc-310a-47b1-b7aa-afe77d5edb52}</UniqueIdentifier>
      <SourceControlFiles>False</SourceControlFiles>
    </Filter>
    <Filter Include="External Libraries\xz-embedded">
      <UniqueIdentifier>{28a4c10b-354b-46dd-984b-dd018b35bd6d}</UniqueIdentifier>
      <SourceControlFiles>False</SourceControlFiles>
    </Filter>
    <Filter Include="External Libraries\lz4">
      <UniqueIdentifier>{27f14f72-3d4d-4060-8000-3c0ccb7b024f}</UniqueIdentifier>
      <SourceControlFiles>False</SourceControlFiles>
    </Filter>
    <Filter Include="External Libraries\minilzo">
      <UniqueIdentifier>{438ae0f9-01be-424b-93c1-0bbc71d1d0d2}</UniqueIdentifier>
      <SourceControlFiles>False</SourceControlFiles>
    </Filter>
    <Filter Include="Header Files\Virtual File System">
      <UniqueIdentifier>{68fdcab6-c1d3-4998-b787-c1edad61d0ce}</UniqueIdentifier>
    </Filter>
    <Filter Include="Source Files\Virtual File System">
      <UniqueIdentifier>{89830410-cf51-4580-86e6-c0e75d22790a}</UniqueIdentifier>
    </Filter>
    <Filter Include="External Libraries\lzma">
      <UniqueIdentifier>{e7bc0f43-14ed-4d23-93a0-7d9cc6815149}</UniqueIdentifier>
    </Filter>
    <Filter Include="Header Files\Common\linux">
      <UniqueIdentifier>{b27f5fa3-9be1-4996-b101-e6a1707377df}</UniqueIdentifier>
    </Filter>
  </ItemGroup>
  <ItemGroup>
    <ClInclude Include="stdafx.h">
      <Filter>Header Files</Filter>
    </ClInclude>
    <ClInclude Include="..\..\external\svctl\svctl.h">
      <Filter>External Libraries\svctl\Header Files</Filter>
    </ClInclude>
    <ClInclude Include="..\..\external\svctl\svctlapi.h">
      <Filter>External Libraries\svctl\Header Files</Filter>
    </ClInclude>
    <ClInclude Include="..\..\external\svctl\svctlcom.h">
      <Filter>External Libraries\svctl\Header Files</Filter>
    </ClInclude>
    <ClInclude Include="..\..\external\svctl\svctlcrt.h">
      <Filter>External Libraries\svctl\Header Files</Filter>
    </ClInclude>
    <ClInclude Include="..\..\external\svctl\svctlctl.h">
      <Filter>External Libraries\svctl\Header Files</Filter>
    </ClInclude>
    <ClInclude Include="..\..\external\svctl\svctlcui.h">
      <Filter>External Libraries\svctl\Header Files</Filter>
    </ClInclude>
    <ClInclude Include="..\..\external\svctl\svctlevt.h">
      <Filter>External Libraries\svctl\Header Files</Filter>
    </ClInclude>
    <ClInclude Include="..\..\external\svctl\svctlgui.h">
      <Filter>External Libraries\svctl\Header Files</Filter>
    </ClInclude>
    <ClInclude Include="..\..\external\svctl\svctlhlr.h">
      <Filter>External Libraries\svctl\Header Files</Filter>
    </ClInclude>
    <ClInclude Include="..\..\external\svctl\svctlins.h">
      <Filter>External Libraries\svctl\Header Files</Filter>
    </ClInclude>
    <ClInclude Include="..\..\external\svctl\svctllib.h">
      <Filter>External Libraries\svctl\Header Files</Filter>
    </ClInclude>
    <ClInclude Include="..\..\external\svctl\svctllog.h">
      <Filter>External Libraries\svctl\Header Files</Filter>
    </ClInclude>
    <ClInclude Include="..\..\external\svctl\svctlmap.h">
      <Filter>External Libraries\svctl\Header Files</Filter>
    </ClInclude>
    <ClInclude Include="..\..\external\svctl\svctlmgr.h">
      <Filter>External Libraries\svctl\Header Files</Filter>
    </ClInclude>
    <ClInclude Include="..\..\external\svctl\svctlmui.h">
      <Filter>External Libraries\svctl\Header Files</Filter>
    </ClInclude>
    <ClInclude Include="..\..\external\svctl\svctlreg.h">
      <Filter>External Libraries\svctl\Header Files</Filter>
    </ClInclude>
    <ClInclude Include="..\..\external\svctl\svctlres.h">
      <Filter>External Libraries\svctl\Header Files</Filter>
    </ClInclude>
    <ClInclude Include="..\..\external\svctl\svctlsts.h">
      <Filter>External Libraries\svctl\Header Files</Filter>
    </ClInclude>
    <ClInclude Include="..\..\external\svctl\svctlsvc.h">
      <Filter>External Libraries\svctl\Header Files</Filter>
    </ClInclude>
    <ClInclude Include="..\..\external\svctl\svctlui.h">
      <Filter>External Libraries\svctl\Header Files</Filter>
    </ClInclude>
    <ClInclude Include="VmService.h">
      <Filter>Header Files</Filter>
    </ClInclude>
    <ClInclude Include="resource.h">
      <Filter>Resource Files</Filter>
    </ClInclude>
    <ClInclude Include="FsNode.h">
      <Filter>Header Files</Filter>
    </ClInclude>
    <ClInclude Include="CharacterDevice.h">
      <Filter>Header Files</Filter>
    </ClInclude>
    <ClInclude Include="BlockDevice.h">
      <Filter>Header Files</Filter>
    </ClInclude>
    <ClInclude Include="PipeDevice.h">
      <Filter>Header Files</Filter>
    </ClInclude>
    <ClInclude Include="SocketDevice.h">
      <Filter>Header Files</Filter>
    </ClInclude>
    <ClInclude Include="..\tmp\vm.service\vm.service.h">
      <Filter>Generated Files</Filter>
    </ClInclude>
    <ClInclude Include="..\common\GZipStreamReader.h">
      <Filter>Header Files\Common</Filter>
    </ClInclude>
    <ClInclude Include="..\common\StreamReader.h">
      <Filter>Header Files\Common</Filter>
    </ClInclude>
    <ClInclude Include="..\..\external\zlib\zconf.h">
      <Filter>External Libraries\zlib</Filter>
    </ClInclude>
    <ClInclude Include="..\..\external\zlib\zlib.h">
      <Filter>External Libraries\zlib</Filter>
    </ClInclude>
    <ClInclude Include="..\common\char_t.h">
      <Filter>Header Files\Common</Filter>
    </ClInclude>
    <ClInclude Include="..\common\Exception.h">
      <Filter>Header Files\Common</Filter>
    </ClInclude>
    <ClInclude Include="..\common\tstring.h">
      <Filter>Header Files\Common</Filter>
    </ClInclude>
    <ClInclude Include="..\common\Win32Exception.h">
      <Filter>Header Files\Common</Filter>
    </ClInclude>
    <ClInclude Include="..\common\CpioArchive.h">
      <Filter>Header Files\Common</Filter>
    </ClInclude>
    <ClInclude Include="..\tmp\vm.messages\messages.h">
      <Filter>Generated Files</Filter>
    </ClInclude>
    <ClInclude Include="..\common\BZip2StreamReader.h">
      <Filter>Header Files\Common</Filter>
    </ClInclude>
    <ClInclude Include="..\common\CompressedStreamReader.h">
      <Filter>Header Files\Common</Filter>
    </ClInclude>
    <ClInclude Include="..\common\Lz4StreamReader.h">
      <Filter>Header Files\Common</Filter>
    </ClInclude>
    <ClInclude Include="..\common\LzopStreamReader.h">
      <Filter>Header Files\Common</Filter>
    </ClInclude>
    <ClInclude Include="..\common\XzStreamReader.h">
      <Filter>Header Files\Common</Filter>
    </ClInclude>
    <ClInclude Include="..\..\external\bzip2\bzlib.h">
      <Filter>External Libraries\bzip2</Filter>
    </ClInclude>
    <ClInclude Include="..\..\external\minilzo\lzoconf.h">
      <Filter>External Libraries\minilzo</Filter>
    </ClInclude>
    <ClInclude Include="..\..\external\minilzo\lzodefs.h">
      <Filter>External Libraries\minilzo</Filter>
    </ClInclude>
    <ClInclude Include="..\..\external\minilzo\minilzo.h">
      <Filter>External Libraries\minilzo</Filter>
    </ClInclude>
    <ClInclude Include="..\common\File.h">
      <Filter>Header Files\Common</Filter>
    </ClInclude>
    <ClInclude Include="..\common\MappedFile.h">
      <Filter>Header Files\Common</Filter>
    </ClInclude>
    <ClInclude Include="..\common\MappedFileView.h">
      <Filter>Header Files\Common</Filter>
    </ClInclude>
    <ClInclude Include="..\common\MemoryRegion.h">
      <Filter>Header Files\Common</Filter>
    </ClInclude>
    <ClInclude Include="..\..\external\lz4\lz4.h">
      <Filter>External Libraries\lz4</Filter>
    </ClInclude>
    <ClInclude Include="..\..\external\xz-embedded\linux\include\linux\xz.h">
      <Filter>External Libraries\xz-embedded</Filter>
    </ClInclude>
    <ClInclude Include="VirtualFileSystem.h">
      <Filter>Header Files\Virtual File System</Filter>
    </ClInclude>
    <ClInclude Include="VfsNode.h">
      <Filter>Header Files\Virtual File System</Filter>
    </ClInclude>
    <ClInclude Include="VfsFileNode.h">
      <Filter>Header Files\Virtual File System</Filter>
    </ClInclude>
    <ClInclude Include="VfsDirectoryNode.h">
      <Filter>Header Files\Virtual File System</Filter>
    </ClInclude>
    <ClInclude Include="VfsResolveResult.h">
      <Filter>Header Files\Virtual File System</Filter>
    </ClInclude>
    <ClInclude Include="VfsSymbolicLinkNode.h">
      <Filter>Header Files\Virtual File System</Filter>
    </ClInclude>
    <ClInclude Include="..\..\external\lzma\C\LzmaDec.h">
      <Filter>External Libraries\lzma</Filter>
    </ClInclude>
    <ClInclude Include="..\..\external\lzma\C\Types.h">
      <Filter>External Libraries\lzma</Filter>
    </ClInclude>
    <ClInclude Include="..\common\BufferStreamReader.h">
      <Filter>Header Files\Common</Filter>
    </ClInclude>
    <ClInclude Include="..\common\LzmaStreamReader.h">
      <Filter>Header Files\Common</Filter>
    </ClInclude>
    <ClInclude Include="..\common\linux\stat.h">
      <Filter>Header Files\Common\linux</Filter>
    </ClInclude>
    <ClInclude Include="..\common\linux\types.h">
      <Filter>Header Files\Common\linux</Filter>
    </ClInclude>
    <ClInclude Include="..\common\linuxtypes.h">
      <Filter>Header Files\Common</Filter>
    </ClInclude>
    <ClInclude Include="..\common\linux\fs.h">
      <Filter>Header Files\Common\linux</Filter>
    </ClInclude>
    <ClInclude Include="..\common\linux\fcntl.h">
      <Filter>Header Files\Common\linux</Filter>
    </ClInclude>
    <ClInclude Include="..\common\linux\errno.h">
      <Filter>Header Files\Common\linux</Filter>
    </ClInclude>
  </ItemGroup>
  <ItemGroup>
    <ClCompile Include="stdafx.cpp">
      <Filter>Source Files</Filter>
    </ClCompile>
    <ClCompile Include="..\..\external\svctl\svctlapi.cpp">
      <Filter>External Libraries\svctl\Source Files</Filter>
    </ClCompile>
    <ClCompile Include="..\..\external\svctl\svctlcom.cpp">
      <Filter>External Libraries\svctl\Source Files</Filter>
    </ClCompile>
    <ClCompile Include="..\..\external\svctl\svctlctl.cpp">
      <Filter>External Libraries\svctl\Source Files</Filter>
    </ClCompile>
    <ClCompile Include="..\..\external\svctl\svctlcui.cpp">
      <Filter>External Libraries\svctl\Source Files</Filter>
    </ClCompile>
    <ClCompile Include="..\..\external\svctl\svctlevt.cpp">
      <Filter>External Libraries\svctl\Source Files</Filter>
    </ClCompile>
    <ClCompile Include="..\..\external\svctl\svctlgui.cpp">
      <Filter>External Libraries\svctl\Source Files</Filter>
    </ClCompile>
    <ClCompile Include="..\..\external\svctl\svctlhlr.cpp">
      <Filter>External Libraries\svctl\Source Files</Filter>
    </ClCompile>
    <ClCompile Include="..\..\external\svctl\svctlins.cpp">
      <Filter>External Libraries\svctl\Source Files</Filter>
    </ClCompile>
    <ClCompile Include="..\..\external\svctl\svctllib.cpp">
      <Filter>External Libraries\svctl\Source Files</Filter>
    </ClCompile>
    <ClCompile Include="..\..\external\svctl\svctllog.cpp">
      <Filter>External Libraries\svctl\Source Files</Filter>
    </ClCompile>
    <ClCompile Include="..\..\external\svctl\svctlmap.cpp">
      <Filter>External Libraries\svctl\Source Files</Filter>
    </ClCompile>
    <ClCompile Include="..\..\external\svctl\svctlmgr.cpp">
      <Filter>External Libraries\svctl\Source Files</Filter>
    </ClCompile>
    <ClCompile Include="..\..\external\svctl\svctlmui.cpp">
      <Filter>External Libraries\svctl\Source Files</Filter>
    </ClCompile>
    <ClCompile Include="..\..\external\svctl\svctlreg.cpp">
      <Filter>External Libraries\svctl\Source Files</Filter>
    </ClCompile>
    <ClCompile Include="..\..\external\svctl\svctlsts.cpp">
      <Filter>External Libraries\svctl\Source Files</Filter>
    </ClCompile>
    <ClCompile Include="..\..\external\svctl\svctlsvc.cpp">
      <Filter>External Libraries\svctl\Source Files</Filter>
    </ClCompile>
    <ClCompile Include="..\..\external\svctl\svctlui.cpp">
      <Filter>External Libraries\svctl\Source Files</Filter>
    </ClCompile>
    <ClCompile Include="main.cpp">
      <Filter>Source Files</Filter>
    </ClCompile>
    <ClCompile Include="VmService.cpp">
      <Filter>Source Files</Filter>
    </ClCompile>
    <ClCompile Include="..\tmp\vm.service\vm.service_s.c">
      <Filter>Generated Files</Filter>
    </ClCompile>
    <ClCompile Include="rpc005_open.cpp">
      <Filter>Source Files\System Calls</Filter>
    </ClCompile>
    <ClCompile Include="rpc006_close.cpp">
      <Filter>Source Files\System Calls</Filter>
    </ClCompile>
    <ClCompile Include="rpc295_openat.cpp">
      <Filter>Source Files\System Calls</Filter>
    </ClCompile>
    <ClCompile Include="rpc014_mknod.cpp">
      <Filter>Source Files\System Calls</Filter>
    </ClCompile>
    <ClCompile Include="rpc297_mknodat.cpp">
      <Filter>Source Files\System Calls</Filter>
    </ClCompile>
    <ClCompile Include="rpc010_unlink.cpp">
      <Filter>Source Files\System Calls</Filter>
    </ClCompile>
    <ClCompile Include="..\common\GZipStreamReader.cpp">
      <Filter>Source Files\Common</Filter>
    </ClCompile>
    <ClCompile Include="..\common\StreamReader.cpp">
      <Filter>Source Files\Common</Filter>
    </ClCompile>
    <ClCompile Include="..\..\external\zlib\adler32.c">
      <Filter>External Libraries\zlib</Filter>
    </ClCompile>
    <ClCompile Include="..\..\external\zlib\crc32.c">
      <Filter>External Libraries\zlib</Filter>
    </ClCompile>
    <ClCompile Include="..\..\external\zlib\inffast.c">
      <Filter>External Libraries\zlib</Filter>
    </ClCompile>
    <ClCompile Include="..\..\external\zlib\inflate.c">
      <Filter>External Libraries\zlib</Filter>
    </ClCompile>
    <ClCompile Include="..\..\external\zlib\inftrees.c">
      <Filter>External Libraries\zlib</Filter>
    </ClCompile>
    <ClCompile Include="..\..\external\zlib\zutil.c">
      <Filter>External Libraries\zlib</Filter>
    </ClCompile>
    <ClCompile Include="..\common\Exception.cpp">
      <Filter>Source Files\Common</Filter>
    </ClCompile>
    <ClCompile Include="..\common\CpioArchive.cpp">
      <Filter>Source Files\Common</Filter>
    </ClCompile>
    <ClCompile Include="..\common\BZip2StreamReader.cpp">
      <Filter>Source Files\Common</Filter>
    </ClCompile>
    <ClCompile Include="..\common\CompressedStreamReader.cpp">
      <Filter>Source Files\Common</Filter>
    </ClCompile>
    <ClCompile Include="..\common\Lz4StreamReader.cpp">
      <Filter>Source Files\Common</Filter>
    </ClCompile>
    <ClCompile Include="..\common\LzopStreamReader.cpp">
      <Filter>Source Files\Common</Filter>
    </ClCompile>
    <ClCompile Include="..\common\XzStreamReader.cpp">
      <Filter>Source Files\Common</Filter>
    </ClCompile>
    <ClCompile Include="..\common\bz_internal_error.cpp">
      <Filter>Source Files\Common</Filter>
    </ClCompile>
    <ClCompile Include="..\..\external\bzip2\blocksort.c">
      <Filter>External Libraries\bzip2</Filter>
    </ClCompile>
    <ClCompile Include="..\..\external\bzip2\bzcompress.c">
      <Filter>External Libraries\bzip2</Filter>
    </ClCompile>
    <ClCompile Include="..\..\external\bzip2\crctable.c">
      <Filter>External Libraries\bzip2</Filter>
    </ClCompile>
    <ClCompile Include="..\..\external\bzip2\decompress.c">
      <Filter>External Libraries\bzip2</Filter>
    </ClCompile>
    <ClCompile Include="..\..\external\bzip2\huffman.c">
      <Filter>External Libraries\bzip2</Filter>
    </ClCompile>
    <ClCompile Include="..\..\external\bzip2\randtable.c">
      <Filter>External Libraries\bzip2</Filter>
    </ClCompile>
    <ClCompile Include="..\..\external\minilzo\minilzo.c">
      <Filter>External Libraries\minilzo</Filter>
    </ClCompile>
    <ClCompile Include="..\..\external\bzip2\bzlib.c">
      <Filter>External Libraries\bzip2</Filter>
    </ClCompile>
    <ClCompile Include="..\common\File.cpp">
      <Filter>Source Files\Common</Filter>
    </ClCompile>
    <ClCompile Include="..\common\MappedFile.cpp">
      <Filter>Source Files\Common</Filter>
    </ClCompile>
    <ClCompile Include="..\common\MappedFileView.cpp">
      <Filter>Source Files\Common</Filter>
    </ClCompile>
    <ClCompile Include="..\common\MemoryRegion.cpp">
      <Filter>Source Files\Common</Filter>
    </ClCompile>
    <ClCompile Include="..\..\external\lz4\lz4.c">
      <Filter>External Libraries\lz4</Filter>
    </ClCompile>
    <ClCompile Include="..\..\external\xz-embedded\linux\lib\xz\xz_crc32.c">
      <Filter>External Libraries\xz-embedded</Filter>
    </ClCompile>
    <ClCompile Include="..\..\external\xz-embedded\linux\lib\xz\xz_dec_bcj.c">
      <Filter>External Libraries\xz-embedded</Filter>
    </ClCompile>
    <ClCompile Include="..\..\external\xz-embedded\linux\lib\xz\xz_dec_lzma2.c">
      <Filter>External Libraries\xz-embedded</Filter>
    </ClCompile>
    <ClCompile Include="..\..\external\xz-embedded\linux\lib\xz\xz_dec_stream.c">
      <Filter>External Libraries\xz-embedded</Filter>
    </ClCompile>
    <ClCompile Include="..\common\BufferStreamReader.cpp">
      <Filter>Source Files\Common</Filter>
    </ClCompile>
    <ClCompile Include="..\common\rpcmem.cpp">
      <Filter>Source Files\Common</Filter>
    </ClCompile>
    <ClCompile Include="VfsFileNode.cpp">
      <Filter>Source Files\Virtual File System</Filter>
    </ClCompile>
    <ClCompile Include="VfsNode.cpp">
      <Filter>Source Files\Virtual File System</Filter>
    </ClCompile>
    <ClCompile Include="VirtualFileSystem.cpp">
      <Filter>Source Files\Virtual File System</Filter>
    </ClCompile>
    <ClCompile Include="VfsSymbolicLinkNode.cpp">
      <Filter>Source Files\Virtual File System</Filter>
    </ClCompile>
    <ClCompile Include="VfsDirectoryNode.cpp">
      <Filter>Source Files\Virtual File System</Filter>
    </ClCompile>
    <ClCompile Include="..\..\external\lzma\C\LzmaDec.c">
      <Filter>External Libraries\lzma</Filter>
    </ClCompile>
    <ClCompile Include="..\common\LzmaStreamReader.cpp">
      <Filter>Source Files\Common</Filter>
    </ClCompile>
  </ItemGroup>
  <ItemGroup>
    <ResourceCompile Include="..\..\external\svctl\svctl.rc">
      <Filter>External Libraries\svctl\Resource Files</Filter>
    </ResourceCompile>
    <ResourceCompile Include="..\tmp\version\version.rc">
      <Filter>Generated Files</Filter>
    </ResourceCompile>
    <ResourceCompile Include="vm.service.rc">
      <Filter>Resource Files</Filter>
    </ResourceCompile>
    <ResourceCompile Include="..\tmp\vm.messages\messages.rc">
      <Filter>Generated Files</Filter>
    </ResourceCompile>
  </ItemGroup>
  <ItemGroup>
    <Midl Include="vm.service.idl">
      <Filter>Source Files</Filter>
    </Midl>
    <Midl Include="linuxtypes.idl">
      <Filter>Source Files</Filter>
    </Midl>
  </ItemGroup>
  <ItemGroup>
    <None Include="vm.service.acf">
      <Filter>Source Files</Filter>
    </None>
  </ItemGroup>
</Project>