<?xml version="1.0" encoding="utf-8"?>
<Project ToolsVersion="4.0" xmlns="http://schemas.microsoft.com/developer/msbuild/2003">
  <ItemGroup>
    <Filter Include="Source Files">
      <UniqueIdentifier>{4FC737F1-C7A5-4376-A066-2A32D752A2FF}</UniqueIdentifier>
      <Extensions>cpp;c;cc;cxx;def;odl;idl;hpj;bat;asm;asmx</Extensions>
    </Filter>
    <Filter Include="Header Files">
      <UniqueIdentifier>{93995380-89BD-4b04-88EB-625FBE52EBFB}</UniqueIdentifier>
      <Extensions>h;hpp;hxx;hm;inl;inc;xsd</Extensions>
    </Filter>
    <Filter Include="Resource Files">
      <UniqueIdentifier>{67DA6AB6-F800-4c08-8B7A-83BB121AAD01}</UniqueIdentifier>
      <Extensions>rc;ico;cur;bmp;dlg;rc2;rct;bin;rgs;gif;jpg;jpeg;jpe;resx;tiff;tif;png;wav;mfcribbon-ms</Extensions>
    </Filter>
    <Filter Include="External Libraries">
      <UniqueIdentifier>{facc9006-5116-45a8-9ee3-d2daa444ceda}</UniqueIdentifier>
      <SourceControlFiles>False</SourceControlFiles>
    </Filter>
    <Filter Include="External Libraries\bzip2">
      <UniqueIdentifier>{6469a781-1e84-4cb1-bce1-7f7973859d42}</UniqueIdentifier>
      <SourceControlFiles>False</SourceControlFiles>
    </Filter>
    <Filter Include="External Libraries\zlib">
      <UniqueIdentifier>{f2f126dc-f584-404e-9c34-2632a16eb371}</UniqueIdentifier>
      <SourceControlFiles>False</SourceControlFiles>
    </Filter>
    <Filter Include="External Libraries\minilzo">
      <UniqueIdentifier>{01e606b2-37fb-4b27-b2d7-f8830c7cf328}</UniqueIdentifier>
      <SourceControlFiles>False</SourceControlFiles>
    </Filter>
    <Filter Include="Generated Files">
      <UniqueIdentifier>{1d8b2782-ba1e-41e9-a09e-d9a02597a3b8}</UniqueIdentifier>
      <SourceControlFiles>False</SourceControlFiles>
    </Filter>
    <Filter Include="External Libraries\lz4">
      <UniqueIdentifier>{6f291bae-f5c1-4b3f-82f5-664399bffae2}</UniqueIdentifier>
    </Filter>
    <Filter Include="External Libraries\xz-embedded">
      <UniqueIdentifier>{6998b8e8-3b80-4348-b84a-dd53cf339ae5}</UniqueIdentifier>
    </Filter>
  </ItemGroup>
  <ItemGroup>
    <ClInclude Include="stdafx.h">
      <Filter>Header Files</Filter>
    </ClInclude>
    <ClInclude Include="KernelImage.h">
      <Filter>Header Files</Filter>
    </ClInclude>
    <ClInclude Include="BoyerMoore.h">
      <Filter>Header Files</Filter>
    </ClInclude>
    <ClInclude Include="Exception.h">
      <Filter>Header Files</Filter>
    </ClInclude>
    <ClInclude Include="elf.h">
      <Filter>Header Files</Filter>
    </ClInclude>
    <ClInclude Include="StreamReader.h">
      <Filter>Header Files</Filter>
    </ClInclude>
    <ClInclude Include="GZipStreamReader.h">
      <Filter>Header Files</Filter>
    </ClInclude>
    <ClInclude Include="Trace.h">
      <Filter>Header Files</Filter>
    </ClInclude>
    <ClInclude Include="BZip2StreamReader.h">
      <Filter>Header Files</Filter>
    </ClInclude>
    <ClInclude Include="BufferStreamReader.h">
      <Filter>Header Files</Filter>
    </ClInclude>
    <ClInclude Include="MappedFileView.h">
      <Filter>Header Files</Filter>
    </ClInclude>
    <ClInclude Include="MappedFile.h">
      <Filter>Header Files</Filter>
    </ClInclude>
    <ClInclude Include="Win32Exception.h">
      <Filter>Header Files</Filter>
    </ClInclude>
    <ClInclude Include="LzopStreamReader.h">
      <Filter>Header Files</Filter>
    </ClInclude>
    <ClInclude Include="..\..\external\minilzo\lzoconf.h">
      <Filter>External Libraries\minilzo</Filter>
    </ClInclude>
    <ClInclude Include="..\..\external\minilzo\lzodefs.h">
      <Filter>External Libraries\minilzo</Filter>
    </ClInclude>
    <ClInclude Include="..\..\external\minilzo\minilzo.h">
      <Filter>External Libraries\minilzo</Filter>
    </ClInclude>
    <ClInclude Include="..\..\external\zlib\zconf.h">
      <Filter>External Libraries\zlib</Filter>
    </ClInclude>
    <ClInclude Include="..\..\external\zlib\zlib.h">
      <Filter>External Libraries\zlib</Filter>
    </ClInclude>
    <ClInclude Include="..\..\external\bzip2\bzlib.h">
      <Filter>External Libraries\bzip2</Filter>
    </ClInclude>
    <ClInclude Include="..\..\external\lz4\lz4.h">
      <Filter>External Libraries\lz4</Filter>
    </ClInclude>
    <ClInclude Include="Lz4StreamReader.h">
      <Filter>Header Files</Filter>
    </ClInclude>
    <ClInclude Include="XzStreamReader.h">
      <Filter>Header Files</Filter>
    </ClInclude>
    <ClInclude Include="..\..\external\xz-embedded\linux\include\linux\xz.h">
      <Filter>External Libraries\xz-embedded</Filter>
    </ClInclude>
    <ClInclude Include="..\tmp\vm.linuxhost\messages\messages.h">
      <Filter>Generated Files</Filter>
    </ClInclude>
    <ClInclude Include="ElfImage.h">
      <Filter>Header Files</Filter>
    </ClInclude>
    <ClInclude Include="File.h">
      <Filter>Header Files</Filter>
    </ClInclude>
    <ClInclude Include="MemoryRegion.h">
      <Filter>Header Files</Filter>
    </ClInclude>
  </ItemGroup>
  <ItemGroup>
    <ClCompile Include="stdafx.cpp">
      <Filter>Source Files</Filter>
    </ClCompile>
    <ClCompile Include="main.cpp">
      <Filter>Source Files</Filter>
    </ClCompile>
    <ClCompile Include="KernelImage.cpp">
      <Filter>Source Files</Filter>
    </ClCompile>
    <ClCompile Include="bz_internal_error.cpp">
      <Filter>Source Files</Filter>
    </ClCompile>
    <ClCompile Include="BoyerMoore.cpp">
      <Filter>Source Files</Filter>
    </ClCompile>
    <ClCompile Include="GZipStreamReader.cpp">
      <Filter>Source Files</Filter>
    </ClCompile>
    <ClCompile Include="BZip2StreamReader.cpp">
      <Filter>Source Files</Filter>
    </ClCompile>
    <ClCompile Include="BufferStreamReader.cpp">
      <Filter>Source Files</Filter>
    </ClCompile>
    <ClCompile Include="MappedFileView.cpp">
      <Filter>Source Files</Filter>
    </ClCompile>
    <ClCompile Include="MappedFile.cpp">
      <Filter>Source Files</Filter>
    </ClCompile>
    <ClCompile Include="Exception.cpp">
      <Filter>Source Files</Filter>
    </ClCompile>
    <ClCompile Include="LzopStreamReader.cpp">
      <Filter>Source Files</Filter>
    </ClCompile>
    <ClCompile Include="..\..\external\minilzo\minilzo.c">
      <Filter>External Libraries\minilzo</Filter>
    </ClCompile>
    <ClCompile Include="..\..\external\zlib\adler32.c">
      <Filter>External Libraries\zlib</Filter>
    </ClCompile>
    <ClCompile Include="..\..\external\zlib\crc32.c">
      <Filter>External Libraries\zlib</Filter>
    </ClCompile>
    <ClCompile Include="..\..\external\zlib\inffast.c">
      <Filter>External Libraries\zlib</Filter>
    </ClCompile>
    <ClCompile Include="..\..\external\zlib\inflate.c">
      <Filter>External Libraries\zlib</Filter>
    </ClCompile>
    <ClCompile Include="..\..\external\zlib\inftrees.c">
      <Filter>External Libraries\zlib</Filter>
    </ClCompile>
    <ClCompile Include="..\..\external\zlib\zutil.c">
      <Filter>External Libraries\zlib</Filter>
    </ClCompile>
    <ClCompile Include="..\..\external\bzip2\blocksort.c">
      <Filter>External Libraries\bzip2</Filter>
    </ClCompile>
    <ClCompile Include="..\..\external\bzip2\bzlib.c">
      <Filter>External Libraries\bzip2</Filter>
    </ClCompile>
    <ClCompile Include="..\..\external\bzip2\crctable.c">
      <Filter>External Libraries\bzip2</Filter>
    </ClCompile>
    <ClCompile Include="..\..\external\bzip2\decompress.c">
      <Filter>External Libraries\bzip2</Filter>
    </ClCompile>
    <ClCompile Include="..\..\external\bzip2\huffman.c">
      <Filter>External Libraries\bzip2</Filter>
    </ClCompile>
    <ClCompile Include="..\..\external\bzip2\randtable.c">
      <Filter>External Libraries\bzip2</Filter>
    </ClCompile>
    <ClCompile Include="..\..\external\bzip2\bzcompress.c">
      <Filter>External Libraries\bzip2</Filter>
    </ClCompile>
    <ClCompile Include="..\..\external\lz4\lz4.c">
      <Filter>External Libraries\lz4</Filter>
    </ClCompile>
    <ClCompile Include="Lz4StreamReader.cpp">
      <Filter>Source Files</Filter>
    </ClCompile>
    <ClCompile Include="XzStreamReader.cpp">
      <Filter>Source Files</Filter>
    </ClCompile>
    <ClCompile Include="..\..\external\xz-embedded\linux\lib\xz\xz_crc32.c">
      <Filter>External Libraries\xz-embedded</Filter>
    </ClCompile>
    <ClCompile Include="..\..\external\xz-embedded\linux\lib\xz\xz_dec_lzma2.c">
      <Filter>External Libraries\xz-embedded</Filter>
    </ClCompile>
    <ClCompile Include="..\..\external\xz-embedded\linux\lib\xz\xz_dec_stream.c">
      <Filter>External Libraries\xz-embedded</Filter>
    </ClCompile>
    <ClCompile Include="..\..\external\xz-embedded\linux\lib\xz\xz_dec_bcj.c">
      <Filter>External Libraries\xz-embedded</Filter>
    </ClCompile>
    <ClCompile Include="ElfImage.cpp">
      <Filter>Source Files</Filter>
    </ClCompile>
    <ClCompile Include="File.cpp">
      <Filter>Source Files</Filter>
    </ClCompile>
    <ClCompile Include="MemoryRegion.cpp">
      <Filter>Source Files</Filter>
    </ClCompile>
    <ClCompile Include="StreamReader.cpp">
      <Filter>Source Files</Filter>
    </ClCompile>
  </ItemGroup>
  <ItemGroup>
    <ResourceCompile Include="..\tmp\version\version.rc">
      <Filter>Generated Files</Filter>
    </ResourceCompile>
    <ResourceCompile Include="..\tmp\vm.linuxhost\messages\messages.rc">
      <Filter>Generated Files</Filter>
    </ResourceCompile>
  </ItemGroup>
  <ItemGroup>
    <CustomBuild Include="messages.mc">
      <Filter>Source Files</Filter>
    </CustomBuild>
  </ItemGroup>
</Project>